// !$*UTF8*$!
{
	archiveVersion = 1;
	classes = {
	};
	objectVersion = 46;
	objects = {

/* Begin PBXBuildFile section */
		260D68B01441B6C700093012 /* plus.png in Resources */ = {isa = PBXBuildFile; fileRef = 260D68AF1441B6C700093012 /* plus.png */; };
		261C43C31498FC2B008655EF /* close.png in Resources */ = {isa = PBXBuildFile; fileRef = 261C43C21498FC2B008655EF /* close.png */; };
		261C43C41498FC2B008655EF /* close.png in Resources */ = {isa = PBXBuildFile; fileRef = 261C43C21498FC2B008655EF /* close.png */; };
		261C43C51498FC2B008655EF /* close.png in Resources */ = {isa = PBXBuildFile; fileRef = 261C43C21498FC2B008655EF /* close.png */; };
		2626A2B314939C30002FD652 /* QuartzCore.framework in Frameworks */ = {isa = PBXBuildFile; fileRef = 2626A2B214939C30002FD652 /* QuartzCore.framework */; };
		2626A2B414939C39002FD652 /* QuartzCore.framework in Frameworks */ = {isa = PBXBuildFile; fileRef = 2626A2B214939C30002FD652 /* QuartzCore.framework */; };
		2626A2B514939C40002FD652 /* QuartzCore.framework in Frameworks */ = {isa = PBXBuildFile; fileRef = 2626A2B214939C30002FD652 /* QuartzCore.framework */; };
		2643BEA514606FC00018673B /* MiniBrowserAppDelegate.m in Sources */ = {isa = PBXBuildFile; fileRef = 266D67B8143CCE8D0025F929 /* MiniBrowserAppDelegate.m */; };
		2643BEA614606FC00018673B /* MiniBrowserAppDelegate_iPhone.m in Sources */ = {isa = PBXBuildFile; fileRef = 266D67BC143CCE8D0025F929 /* MiniBrowserAppDelegate_iPhone.m */; };
		2643BEA714606FC00018673B /* MiniBrowserAppDelegate_iPad.m in Sources */ = {isa = PBXBuildFile; fileRef = 266D67C3143CCE8D0025F929 /* MiniBrowserAppDelegate_iPad.m */; };
		2643BEA814606FC00018673B /* BrowserController.m in Sources */ = {isa = PBXBuildFile; fileRef = 266D67CE143CCF720025F929 /* BrowserController.m */; };
		2643BEB514606FC00018673B /* UIKit.framework in Frameworks */ = {isa = PBXBuildFile; fileRef = 266D67A8143CCE8D0025F929 /* UIKit.framework */; };
		2643BEB614606FC00018673B /* Foundation.framework in Frameworks */ = {isa = PBXBuildFile; fileRef = 266D67AA143CCE8D0025F929 /* Foundation.framework */; };
		2643BEB714606FC00018673B /* CoreGraphics.framework in Frameworks */ = {isa = PBXBuildFile; fileRef = 266D67AC143CCE8D0025F929 /* CoreGraphics.framework */; };
		2643BEBA14606FC00018673B /* MainWindow_iPhone.xib in Resources */ = {isa = PBXBuildFile; fileRef = 266D67BE143CCE8D0025F929 /* MainWindow_iPhone.xib */; };
		2643BEBB14606FC00018673B /* MainWindow_iPad.xib in Resources */ = {isa = PBXBuildFile; fileRef = 266D67C5143CCE8E0025F929 /* MainWindow_iPad.xib */; };
		2643BEBE14606FC00018673B /* arrowBackGray.png in Resources */ = {isa = PBXBuildFile; fileRef = 265CCEBA143D85B9005F348A /* arrowBackGray.png */; };
		2643BEBF14606FC00018673B /* arrowBackLight.png in Resources */ = {isa = PBXBuildFile; fileRef = 265CCEBB143D85B9005F348A /* arrowBackLight.png */; };
		2643BEC014606FC00018673B /* arrowForwardGray.png in Resources */ = {isa = PBXBuildFile; fileRef = 265CCEBC143D85B9005F348A /* arrowForwardGray.png */; };
		2643BEC114606FC00018673B /* arrowForwardLight.png in Resources */ = {isa = PBXBuildFile; fileRef = 265CCEBD143D85B9005F348A /* arrowForwardLight.png */; };
		2643BEC214606FC00018673B /* clock.png in Resources */ = {isa = PBXBuildFile; fileRef = 265CCEBE143D85B9005F348A /* clock.png */; };
		2643BEC314606FC00018673B /* heart.png in Resources */ = {isa = PBXBuildFile; fileRef = 265CCEBF143D85B9005F348A /* heart.png */; };
		2643BEC414606FC00018673B /* preferences.png in Resources */ = {isa = PBXBuildFile; fileRef = 265CCEC0143D85B9005F348A /* preferences.png */; };
		2643BEC514606FC00018673B /* plus.png in Resources */ = {isa = PBXBuildFile; fileRef = 260D68AF1441B6C700093012 /* plus.png */; };
		2643BEC614606FC00018673B /* bookmark-iPad.png in Resources */ = {isa = PBXBuildFile; fileRef = 26FE56BC1443269D001622F2 /* bookmark-iPad.png */; };
		2643BEC714606FC00018673B /* bookmark-iPhone.png in Resources */ = {isa = PBXBuildFile; fileRef = 26FE56BE144326FB001622F2 /* bookmark-iPhone.png */; };
		2643BECA14606FC00018673B /* action.png in Resources */ = {isa = PBXBuildFile; fileRef = 26DB365A144EB3D6001C4CBC /* action.png */; };
		2643BED814607B760018673B /* InfoPlist.strings in Resources */ = {isa = PBXBuildFile; fileRef = 266D67B1143CCE8D0025F929 /* InfoPlist.strings */; };
		265072D21498D2290065CD03 /* iPhoneTabPageScrollView.xib in Resources */ = {isa = PBXBuildFile; fileRef = 265072D11498D2290065CD03 /* iPhoneTabPageScrollView.xib */; };
		265072D31498D2290065CD03 /* iPhoneTabPageScrollView.xib in Resources */ = {isa = PBXBuildFile; fileRef = 265072D11498D2290065CD03 /* iPhoneTabPageScrollView.xib */; };
		265072D41498D2290065CD03 /* iPhoneTabPageScrollView.xib in Resources */ = {isa = PBXBuildFile; fileRef = 265072D11498D2290065CD03 /* iPhoneTabPageScrollView.xib */; };
		265CCEC1143D85B9005F348A /* arrowBackGray.png in Resources */ = {isa = PBXBuildFile; fileRef = 265CCEBA143D85B9005F348A /* arrowBackGray.png */; };
		265CCEC2143D85B9005F348A /* arrowBackLight.png in Resources */ = {isa = PBXBuildFile; fileRef = 265CCEBB143D85B9005F348A /* arrowBackLight.png */; };
		265CCEC3143D85B9005F348A /* arrowForwardGray.png in Resources */ = {isa = PBXBuildFile; fileRef = 265CCEBC143D85B9005F348A /* arrowForwardGray.png */; };
		265CCEC4143D85B9005F348A /* arrowForwardLight.png in Resources */ = {isa = PBXBuildFile; fileRef = 265CCEBD143D85B9005F348A /* arrowForwardLight.png */; };
		265CCEC5143D85B9005F348A /* clock.png in Resources */ = {isa = PBXBuildFile; fileRef = 265CCEBE143D85B9005F348A /* clock.png */; };
		265CCEC6143D85B9005F348A /* heart.png in Resources */ = {isa = PBXBuildFile; fileRef = 265CCEBF143D85B9005F348A /* heart.png */; };
		265CCEC7143D85B9005F348A /* preferences.png in Resources */ = {isa = PBXBuildFile; fileRef = 265CCEC0143D85B9005F348A /* preferences.png */; };
		265F359E145978A700EC85B7 /* UnitTests.m in Sources */ = {isa = PBXBuildFile; fileRef = 26DB36B6144EC19C001C4CBC /* UnitTests.m */; };
		266D67A9143CCE8D0025F929 /* UIKit.framework in Frameworks */ = {isa = PBXBuildFile; fileRef = 266D67A8143CCE8D0025F929 /* UIKit.framework */; };
		266D67AB143CCE8D0025F929 /* Foundation.framework in Frameworks */ = {isa = PBXBuildFile; fileRef = 266D67AA143CCE8D0025F929 /* Foundation.framework */; };
		266D67AD143CCE8D0025F929 /* CoreGraphics.framework in Frameworks */ = {isa = PBXBuildFile; fileRef = 266D67AC143CCE8D0025F929 /* CoreGraphics.framework */; };
		266D67B3143CCE8D0025F929 /* InfoPlist.strings in Resources */ = {isa = PBXBuildFile; fileRef = 266D67B1143CCE8D0025F929 /* InfoPlist.strings */; };
		266D67B9143CCE8D0025F929 /* MiniBrowserAppDelegate.m in Sources */ = {isa = PBXBuildFile; fileRef = 266D67B8143CCE8D0025F929 /* MiniBrowserAppDelegate.m */; };
		266D67BD143CCE8D0025F929 /* MiniBrowserAppDelegate_iPhone.m in Sources */ = {isa = PBXBuildFile; fileRef = 266D67BC143CCE8D0025F929 /* MiniBrowserAppDelegate_iPhone.m */; };
		266D67C0143CCE8D0025F929 /* MainWindow_iPhone.xib in Resources */ = {isa = PBXBuildFile; fileRef = 266D67BE143CCE8D0025F929 /* MainWindow_iPhone.xib */; };
		266D67C4143CCE8D0025F929 /* MiniBrowserAppDelegate_iPad.m in Sources */ = {isa = PBXBuildFile; fileRef = 266D67C3143CCE8D0025F929 /* MiniBrowserAppDelegate_iPad.m */; };
		266D67C7143CCE8E0025F929 /* MainWindow_iPad.xib in Resources */ = {isa = PBXBuildFile; fileRef = 266D67C5143CCE8E0025F929 /* MainWindow_iPad.xib */; };
		266D67CF143CCF720025F929 /* BrowserController.m in Sources */ = {isa = PBXBuildFile; fileRef = 266D67CE143CCF720025F929 /* BrowserController.m */; };
		267E13651495E1E100F319B8 /* PhonePageView.m in Sources */ = {isa = PBXBuildFile; fileRef = 267E13631495E1E100F319B8 /* PhonePageView.m */; };
		267E13661495E1E100F319B8 /* PhonePageView.m in Sources */ = {isa = PBXBuildFile; fileRef = 267E13631495E1E100F319B8 /* PhonePageView.m */; };
		267E13671495E1E100F319B8 /* PhonePageView.m in Sources */ = {isa = PBXBuildFile; fileRef = 267E13631495E1E100F319B8 /* PhonePageView.m */; };
		267E13681495E1E100F319B8 /* iPhonePageView.xib in Resources */ = {isa = PBXBuildFile; fileRef = 267E13641495E1E100F319B8 /* iPhonePageView.xib */; };
		267E13691495E1E100F319B8 /* iPhonePageView.xib in Resources */ = {isa = PBXBuildFile; fileRef = 267E13641495E1E100F319B8 /* iPhonePageView.xib */; };
		267E136A1495E1E100F319B8 /* iPhonePageView.xib in Resources */ = {isa = PBXBuildFile; fileRef = 267E13641495E1E100F319B8 /* iPhonePageView.xib */; };
		26A26869148E0DC30087E147 /* iPhoneBrowserView.xib in Resources */ = {isa = PBXBuildFile; fileRef = 26A26868148E0DC30087E147 /* iPhoneBrowserView.xib */; };
		26A2686A148E0DC30087E147 /* iPhoneBrowserView.xib in Resources */ = {isa = PBXBuildFile; fileRef = 26A26868148E0DC30087E147 /* iPhoneBrowserView.xib */; };
		26A2686B148E0DC30087E147 /* iPhoneBrowserView.xib in Resources */ = {isa = PBXBuildFile; fileRef = 26A26868148E0DC30087E147 /* iPhoneBrowserView.xib */; };
		26A2686E148E0DDE0087E147 /* iPadBrowserView.xib in Resources */ = {isa = PBXBuildFile; fileRef = 26A2686D148E0DDE0087E147 /* iPadBrowserView.xib */; };
		26A2686F148E0DDE0087E147 /* iPadBrowserView.xib in Resources */ = {isa = PBXBuildFile; fileRef = 26A2686D148E0DDE0087E147 /* iPadBrowserView.xib */; };
		26A26870148E0DDE0087E147 /* iPadBrowserView.xib in Resources */ = {isa = PBXBuildFile; fileRef = 26A2686D148E0DDE0087E147 /* iPadBrowserView.xib */; };
		26A26882148E0E0A0087E147 /* BookmarkFolderTableViewController.m in Sources */ = {isa = PBXBuildFile; fileRef = 26A26872148E0E0A0087E147 /* BookmarkFolderTableViewController.m */; };
		26A26883148E0E0A0087E147 /* BookmarkFolderTableViewController.m in Sources */ = {isa = PBXBuildFile; fileRef = 26A26872148E0E0A0087E147 /* BookmarkFolderTableViewController.m */; };
		26A26884148E0E0A0087E147 /* BookmarkFolderTableViewController.m in Sources */ = {isa = PBXBuildFile; fileRef = 26A26872148E0E0A0087E147 /* BookmarkFolderTableViewController.m */; };
		26A26885148E0E0A0087E147 /* BookmarkItem.m in Sources */ = {isa = PBXBuildFile; fileRef = 26A26874148E0E0A0087E147 /* BookmarkItem.m */; };
		26A26886148E0E0A0087E147 /* BookmarkItem.m in Sources */ = {isa = PBXBuildFile; fileRef = 26A26874148E0E0A0087E147 /* BookmarkItem.m */; };
		26A26887148E0E0A0087E147 /* BookmarkItem.m in Sources */ = {isa = PBXBuildFile; fileRef = 26A26874148E0E0A0087E147 /* BookmarkItem.m */; };
		26A26888148E0E0A0087E147 /* BookmarkSaveModel.m in Sources */ = {isa = PBXBuildFile; fileRef = 26A26876148E0E0A0087E147 /* BookmarkSaveModel.m */; };
		26A26889148E0E0A0087E147 /* BookmarkSaveModel.m in Sources */ = {isa = PBXBuildFile; fileRef = 26A26876148E0E0A0087E147 /* BookmarkSaveModel.m */; };
		26A2688A148E0E0A0087E147 /* BookmarkSaveModel.m in Sources */ = {isa = PBXBuildFile; fileRef = 26A26876148E0E0A0087E147 /* BookmarkSaveModel.m */; };
		26A2688B148E0E0A0087E147 /* BookmarkSaveTable.plist in Resources */ = {isa = PBXBuildFile; fileRef = 26A26878148E0E0A0087E147 /* BookmarkSaveTable.plist */; };
		26A2688C148E0E0A0087E147 /* BookmarkSaveTable.plist in Resources */ = {isa = PBXBuildFile; fileRef = 26A26878148E0E0A0087E147 /* BookmarkSaveTable.plist */; };
		26A2688D148E0E0A0087E147 /* BookmarkSaveTable.plist in Resources */ = {isa = PBXBuildFile; fileRef = 26A26878148E0E0A0087E147 /* BookmarkSaveTable.plist */; };
		26A2688E148E0E0A0087E147 /* BookmarkSaveTableViewController.m in Sources */ = {isa = PBXBuildFile; fileRef = 26A2687A148E0E0A0087E147 /* BookmarkSaveTableViewController.m */; };
		26A2688F148E0E0A0087E147 /* BookmarkSaveTableViewController.m in Sources */ = {isa = PBXBuildFile; fileRef = 26A2687A148E0E0A0087E147 /* BookmarkSaveTableViewController.m */; };
		26A26890148E0E0A0087E147 /* BookmarkSaveTableViewController.m in Sources */ = {isa = PBXBuildFile; fileRef = 26A2687A148E0E0A0087E147 /* BookmarkSaveTableViewController.m */; };
		26A26891148E0E0A0087E147 /* BookmarksStorage.m in Sources */ = {isa = PBXBuildFile; fileRef = 26A2687D148E0E0A0087E147 /* BookmarksStorage.m */; };
		26A26892148E0E0A0087E147 /* BookmarksStorage.m in Sources */ = {isa = PBXBuildFile; fileRef = 26A2687D148E0E0A0087E147 /* BookmarksStorage.m */; };
		26A26893148E0E0A0087E147 /* BookmarksStorage.m in Sources */ = {isa = PBXBuildFile; fileRef = 26A2687D148E0E0A0087E147 /* BookmarksStorage.m */; };
		26A26894148E0E0A0087E147 /* BookmarksTableViewController.m in Sources */ = {isa = PBXBuildFile; fileRef = 26A26880148E0E0A0087E147 /* BookmarksTableViewController.m */; };
		26A26895148E0E0A0087E147 /* BookmarksTableViewController.m in Sources */ = {isa = PBXBuildFile; fileRef = 26A26880148E0E0A0087E147 /* BookmarksTableViewController.m */; };
		26A26896148E0E0A0087E147 /* BookmarksTableViewController.m in Sources */ = {isa = PBXBuildFile; fileRef = 26A26880148E0E0A0087E147 /* BookmarksTableViewController.m */; };
		26A26897148E0E0A0087E147 /* BookmarkTreePermanent.plist in Resources */ = {isa = PBXBuildFile; fileRef = 26A26881148E0E0A0087E147 /* BookmarkTreePermanent.plist */; };
		26A26898148E0E0A0087E147 /* BookmarkTreePermanent.plist in Resources */ = {isa = PBXBuildFile; fileRef = 26A26881148E0E0A0087E147 /* BookmarkTreePermanent.plist */; };
		26A26899148E0E0A0087E147 /* BookmarkTreePermanent.plist in Resources */ = {isa = PBXBuildFile; fileRef = 26A26881148E0E0A0087E147 /* BookmarkTreePermanent.plist */; };
		26A2689E148E0E2A0087E147 /* Settings.bundle in Resources */ = {isa = PBXBuildFile; fileRef = 26A2689A148E0E2A0087E147 /* Settings.bundle */; };
		26A2689F148E0E2A0087E147 /* Settings.bundle in Resources */ = {isa = PBXBuildFile; fileRef = 26A2689A148E0E2A0087E147 /* Settings.bundle */; };
		26A268A0148E0E2A0087E147 /* Settings.bundle in Resources */ = {isa = PBXBuildFile; fileRef = 26A2689A148E0E2A0087E147 /* Settings.bundle */; };
		26A268A1148E0E2A0087E147 /* SettingsController.m in Sources */ = {isa = PBXBuildFile; fileRef = 26A2689C148E0E2A0087E147 /* SettingsController.m */; };
		26A268A2148E0E2A0087E147 /* SettingsController.m in Sources */ = {isa = PBXBuildFile; fileRef = 26A2689C148E0E2A0087E147 /* SettingsController.m */; };
		26A268A3148E0E2A0087E147 /* SettingsController.m in Sources */ = {isa = PBXBuildFile; fileRef = 26A2689C148E0E2A0087E147 /* SettingsController.m */; };
		26A268AB148E0E5C0087E147 /* SearchEngine.m in Sources */ = {isa = PBXBuildFile; fileRef = 26A268A5148E0E5C0087E147 /* SearchEngine.m */; };
		26A268AC148E0E5C0087E147 /* SearchEngine.m in Sources */ = {isa = PBXBuildFile; fileRef = 26A268A5148E0E5C0087E147 /* SearchEngine.m */; };
		26A268AD148E0E5C0087E147 /* SearchEngine.m in Sources */ = {isa = PBXBuildFile; fileRef = 26A268A5148E0E5C0087E147 /* SearchEngine.m */; };
		26A268AE148E0E5C0087E147 /* SearchEngineGoogle.m in Sources */ = {isa = PBXBuildFile; fileRef = 26A268A7148E0E5C0087E147 /* SearchEngineGoogle.m */; };
		26A268AF148E0E5C0087E147 /* SearchEngineGoogle.m in Sources */ = {isa = PBXBuildFile; fileRef = 26A268A7148E0E5C0087E147 /* SearchEngineGoogle.m */; };
		26A268B0148E0E5C0087E147 /* SearchEngineGoogle.m in Sources */ = {isa = PBXBuildFile; fileRef = 26A268A7148E0E5C0087E147 /* SearchEngineGoogle.m */; };
		26A268B1148E0E5C0087E147 /* SearchEngineYahoo.m in Sources */ = {isa = PBXBuildFile; fileRef = 26A268AA148E0E5C0087E147 /* SearchEngineYahoo.m */; };
		26A268B2148E0E5C0087E147 /* SearchEngineYahoo.m in Sources */ = {isa = PBXBuildFile; fileRef = 26A268AA148E0E5C0087E147 /* SearchEngineYahoo.m */; };
		26A268B3148E0E5C0087E147 /* SearchEngineYahoo.m in Sources */ = {isa = PBXBuildFile; fileRef = 26A268AA148E0E5C0087E147 /* SearchEngineYahoo.m */; };
		26A268CA148E0FE40087E147 /* BookmarksStorage.m in Sources */ = {isa = PBXBuildFile; fileRef = 26A2687D148E0E0A0087E147 /* BookmarksStorage.m */; };
		26A268CB148E0FF00087E147 /* BookmarkItem.m in Sources */ = {isa = PBXBuildFile; fileRef = 26A26874148E0E0A0087E147 /* BookmarkItem.m */; };
		26A268D3148E10B40087E147 /* main.m in Sources */ = {isa = PBXBuildFile; fileRef = 26A268CC148E10B40087E147 /* main.m */; };
		26A268D4148E10B40087E147 /* main.m in Sources */ = {isa = PBXBuildFile; fileRef = 26A268CC148E10B40087E147 /* main.m */; };
		26A268D5148E10B40087E147 /* main.m in Sources */ = {isa = PBXBuildFile; fileRef = 26A268CC148E10B40087E147 /* main.m */; };
		26A268DF148E10B40087E147 /* NSDate+Extended.m in Sources */ = {isa = PBXBuildFile; fileRef = 26A268D2148E10B40087E147 /* NSDate+Extended.m */; };
		26A268E0148E10B40087E147 /* NSDate+Extended.m in Sources */ = {isa = PBXBuildFile; fileRef = 26A268D2148E10B40087E147 /* NSDate+Extended.m */; };
		26A268E1148E10B40087E147 /* NSDate+Extended.m in Sources */ = {isa = PBXBuildFile; fileRef = 26A268D2148E10B40087E147 /* NSDate+Extended.m */; };
		26A268ED148E12A80087E147 /* TabPageData.m in Sources */ = {isa = PBXBuildFile; fileRef = 26A268EC148E12A80087E147 /* TabPageData.m */; };
		26A268EE148E12A80087E147 /* TabPageData.m in Sources */ = {isa = PBXBuildFile; fileRef = 26A268EC148E12A80087E147 /* TabPageData.m */; };
		26A268EF148E12A80087E147 /* TabPageData.m in Sources */ = {isa = PBXBuildFile; fileRef = 26A268EC148E12A80087E147 /* TabPageData.m */; };
		26A268F3148E12E50087E147 /* TabPageView.m in Sources */ = {isa = PBXBuildFile; fileRef = 26A268F2148E12E50087E147 /* TabPageView.m */; };
		26A268F4148E12E50087E147 /* TabPageView.m in Sources */ = {isa = PBXBuildFile; fileRef = 26A268F2148E12E50087E147 /* TabPageView.m */; };
		26A268F5148E12E50087E147 /* TabPageView.m in Sources */ = {isa = PBXBuildFile; fileRef = 26A268F2148E12E50087E147 /* TabPageView.m */; };
		26A26918148E3C1E0087E147 /* TabPageScrollView.m in Sources */ = {isa = PBXBuildFile; fileRef = 26A26917148E3C1E0087E147 /* TabPageScrollView.m */; };
		26A26919148E3C1E0087E147 /* TabPageScrollView.m in Sources */ = {isa = PBXBuildFile; fileRef = 26A26917148E3C1E0087E147 /* TabPageScrollView.m */; };
		26A2691A148E3C1E0087E147 /* TabPageScrollView.m in Sources */ = {isa = PBXBuildFile; fileRef = 26A26917148E3C1E0087E147 /* TabPageScrollView.m */; };
		26A26928148F5C1A0087E147 /* TabTouchView.m in Sources */ = {isa = PBXBuildFile; fileRef = 26A26927148F5C1A0087E147 /* TabTouchView.m */; };
		26A26929148F5C1A0087E147 /* TabTouchView.m in Sources */ = {isa = PBXBuildFile; fileRef = 26A26927148F5C1A0087E147 /* TabTouchView.m */; };
		26A2692A148F5C1A0087E147 /* TabTouchView.m in Sources */ = {isa = PBXBuildFile; fileRef = 26A26927148F5C1A0087E147 /* TabTouchView.m */; };
		26A26930148F5F8C0087E147 /* PhoneTabPageScrollView.m in Sources */ = {isa = PBXBuildFile; fileRef = 26A2692F148F5F8C0087E147 /* PhoneTabPageScrollView.m */; };
		26A26931148F5F8C0087E147 /* PhoneTabPageScrollView.m in Sources */ = {isa = PBXBuildFile; fileRef = 26A2692F148F5F8C0087E147 /* PhoneTabPageScrollView.m */; };
		26A26932148F5F8C0087E147 /* PhoneTabPageScrollView.m in Sources */ = {isa = PBXBuildFile; fileRef = 26A2692F148F5F8C0087E147 /* PhoneTabPageScrollView.m */; };
		26AF9D4D144EF9F100CBBF20 /* BookmarkTreePermanent.plist in Resources */ = {isa = PBXBuildFile; fileRef = 26AF9D48144EF22500CBBF20 /* BookmarkTreePermanent.plist */; };
		26C8CF8A145881A400536C9B /* MiniBrowserAppDelegate.m in Sources */ = {isa = PBXBuildFile; fileRef = 266D67B8143CCE8D0025F929 /* MiniBrowserAppDelegate.m */; };
		26C8CF8B145881A400536C9B /* MiniBrowserAppDelegate_iPhone.m in Sources */ = {isa = PBXBuildFile; fileRef = 266D67BC143CCE8D0025F929 /* MiniBrowserAppDelegate_iPhone.m */; };
		26C8CF8C145881A400536C9B /* MiniBrowserAppDelegate_iPad.m in Sources */ = {isa = PBXBuildFile; fileRef = 266D67C3143CCE8D0025F929 /* MiniBrowserAppDelegate_iPad.m */; };
		26C8CF8D145881A400536C9B /* BrowserController.m in Sources */ = {isa = PBXBuildFile; fileRef = 266D67CE143CCF720025F929 /* BrowserController.m */; };
		26C8CF9A145881A400536C9B /* UIKit.framework in Frameworks */ = {isa = PBXBuildFile; fileRef = 266D67A8143CCE8D0025F929 /* UIKit.framework */; };
		26C8CF9B145881A400536C9B /* Foundation.framework in Frameworks */ = {isa = PBXBuildFile; fileRef = 266D67AA143CCE8D0025F929 /* Foundation.framework */; };
		26C8CF9C145881A400536C9B /* CoreGraphics.framework in Frameworks */ = {isa = PBXBuildFile; fileRef = 266D67AC143CCE8D0025F929 /* CoreGraphics.framework */; };
		26C8CF9E145881A400536C9B /* InfoPlist.strings in Resources */ = {isa = PBXBuildFile; fileRef = 266D67B1143CCE8D0025F929 /* InfoPlist.strings */; };
		26C8CF9F145881A400536C9B /* MainWindow_iPhone.xib in Resources */ = {isa = PBXBuildFile; fileRef = 266D67BE143CCE8D0025F929 /* MainWindow_iPhone.xib */; };
		26C8CFA0145881A400536C9B /* MainWindow_iPad.xib in Resources */ = {isa = PBXBuildFile; fileRef = 266D67C5143CCE8E0025F929 /* MainWindow_iPad.xib */; };
		26C8CFA3145881A400536C9B /* arrowBackGray.png in Resources */ = {isa = PBXBuildFile; fileRef = 265CCEBA143D85B9005F348A /* arrowBackGray.png */; };
		26C8CFA4145881A400536C9B /* arrowBackLight.png in Resources */ = {isa = PBXBuildFile; fileRef = 265CCEBB143D85B9005F348A /* arrowBackLight.png */; };
		26C8CFA5145881A400536C9B /* arrowForwardGray.png in Resources */ = {isa = PBXBuildFile; fileRef = 265CCEBC143D85B9005F348A /* arrowForwardGray.png */; };
		26C8CFA6145881A400536C9B /* arrowForwardLight.png in Resources */ = {isa = PBXBuildFile; fileRef = 265CCEBD143D85B9005F348A /* arrowForwardLight.png */; };
		26C8CFA7145881A400536C9B /* clock.png in Resources */ = {isa = PBXBuildFile; fileRef = 265CCEBE143D85B9005F348A /* clock.png */; };
		26C8CFA8145881A400536C9B /* heart.png in Resources */ = {isa = PBXBuildFile; fileRef = 265CCEBF143D85B9005F348A /* heart.png */; };
		26C8CFA9145881A400536C9B /* preferences.png in Resources */ = {isa = PBXBuildFile; fileRef = 265CCEC0143D85B9005F348A /* preferences.png */; };
		26C8CFAA145881A400536C9B /* plus.png in Resources */ = {isa = PBXBuildFile; fileRef = 260D68AF1441B6C700093012 /* plus.png */; };
		26C8CFAB145881A400536C9B /* bookmark-iPad.png in Resources */ = {isa = PBXBuildFile; fileRef = 26FE56BC1443269D001622F2 /* bookmark-iPad.png */; };
		26C8CFAC145881A400536C9B /* bookmark-iPhone.png in Resources */ = {isa = PBXBuildFile; fileRef = 26FE56BE144326FB001622F2 /* bookmark-iPhone.png */; };
		26C8CFAF145881A400536C9B /* action.png in Resources */ = {isa = PBXBuildFile; fileRef = 26DB365A144EB3D6001C4CBC /* action.png */; };
		26DB365B144EB3D6001C4CBC /* action.png in Resources */ = {isa = PBXBuildFile; fileRef = 26DB365A144EB3D6001C4CBC /* action.png */; };
		26DB36AA144EC19C001C4CBC /* SenTestingKit.framework in Frameworks */ = {isa = PBXBuildFile; fileRef = 26DB36A9144EC19C001C4CBC /* SenTestingKit.framework */; };
		26DB36AB144EC19C001C4CBC /* UIKit.framework in Frameworks */ = {isa = PBXBuildFile; fileRef = 266D67A8143CCE8D0025F929 /* UIKit.framework */; };
		26DB36AC144EC19C001C4CBC /* Foundation.framework in Frameworks */ = {isa = PBXBuildFile; fileRef = 266D67AA143CCE8D0025F929 /* Foundation.framework */; };
		26DB36AD144EC19C001C4CBC /* CoreGraphics.framework in Frameworks */ = {isa = PBXBuildFile; fileRef = 266D67AC143CCE8D0025F929 /* CoreGraphics.framework */; };
		26DB36B3144EC19C001C4CBC /* InfoPlist.strings in Resources */ = {isa = PBXBuildFile; fileRef = 26DB36B1144EC19C001C4CBC /* InfoPlist.strings */; };
		26DB36B5144EC19C001C4CBC /* UnitTests.h in Resources */ = {isa = PBXBuildFile; fileRef = 26DB36B4144EC19C001C4CBC /* UnitTests.h */; };
		26FDCADC1473C48600744D07 /* newtab.png in Resources */ = {isa = PBXBuildFile; fileRef = 26FDCADB1473C48600744D07 /* newtab.png */; };
		26FDCADD1473C48600744D07 /* newtab.png in Resources */ = {isa = PBXBuildFile; fileRef = 26FDCADB1473C48600744D07 /* newtab.png */; };
		26FDCADE1473C48600744D07 /* newtab.png in Resources */ = {isa = PBXBuildFile; fileRef = 26FDCADB1473C48600744D07 /* newtab.png */; };
		26FE56BD1443269D001622F2 /* bookmark-iPad.png in Resources */ = {isa = PBXBuildFile; fileRef = 26FE56BC1443269D001622F2 /* bookmark-iPad.png */; };
		26FE56BF144326FB001622F2 /* bookmark-iPhone.png in Resources */ = {isa = PBXBuildFile; fileRef = 26FE56BE144326FB001622F2 /* bookmark-iPhone.png */; };
/* End PBXBuildFile section */

/* Begin PBXContainerItemProxy section */
		2643BEA214606FC00018673B /* PBXContainerItemProxy */ = {
			isa = PBXContainerItemProxy;
			containerPortal = 266D679B143CCE8D0025F929 /* Project object */;
			proxyType = 1;
			remoteGlobalIDString = 26DB36A7144EC19C001C4CBC;
			remoteInfo = UnitTests;
		};
		26C8CF87145881A400536C9B /* PBXContainerItemProxy */ = {
			isa = PBXContainerItemProxy;
			containerPortal = 266D679B143CCE8D0025F929 /* Project object */;
			proxyType = 1;
			remoteGlobalIDString = 26DB36A7144EC19C001C4CBC;
			remoteInfo = UnitTests;
		};
		26DB36BE144EC1E2001C4CBC /* PBXContainerItemProxy */ = {
			isa = PBXContainerItemProxy;
			containerPortal = 266D679B143CCE8D0025F929 /* Project object */;
			proxyType = 1;
			remoteGlobalIDString = 26DB36A7144EC19C001C4CBC;
			remoteInfo = UnitTests;
		};
/* End PBXContainerItemProxy section */

/* Begin PBXFileReference section */
		260D68AF1441B6C700093012 /* plus.png */ = {isa = PBXFileReference; lastKnownFileType = image.png; path = plus.png; sourceTree = "<group>"; };
		261C43C21498FC2B008655EF /* close.png */ = {isa = PBXFileReference; lastKnownFileType = image.png; path = close.png; sourceTree = "<group>"; };
		2626A2B214939C30002FD652 /* QuartzCore.framework */ = {isa = PBXFileReference; lastKnownFileType = wrapper.framework; name = QuartzCore.framework; path = System/Library/Frameworks/QuartzCore.framework; sourceTree = SDKROOT; };
		2643BECF14606FC00018673B /* MiniBrowserOriginal.app */ = {isa = PBXFileReference; explicitFileType = wrapper.application; includeInIndex = 0; path = MiniBrowserOriginal.app; sourceTree = BUILT_PRODUCTS_DIR; };
		265072D11498D2290065CD03 /* iPhoneTabPageScrollView.xib */ = {isa = PBXFileReference; fileEncoding = 4; lastKnownFileType = file.xib; name = iPhoneTabPageScrollView.xib; path = Tabs/iPhone/iPhoneTabPageScrollView.xib; sourceTree = "<group>"; };
		265072D61498D2460065CD03 /* PageHeaderInfo.h */ = {isa = PBXFileReference; fileEncoding = 4; lastKnownFileType = sourcecode.c.h; name = PageHeaderInfo.h; path = Tabs/PageHeaderInfo.h; sourceTree = "<group>"; };
		265CCEBA143D85B9005F348A /* arrowBackGray.png */ = {isa = PBXFileReference; lastKnownFileType = image.png; path = arrowBackGray.png; sourceTree = "<group>"; };
		265CCEBB143D85B9005F348A /* arrowBackLight.png */ = {isa = PBXFileReference; lastKnownFileType = image.png; path = arrowBackLight.png; sourceTree = "<group>"; };
		265CCEBC143D85B9005F348A /* arrowForwardGray.png */ = {isa = PBXFileReference; lastKnownFileType = image.png; path = arrowForwardGray.png; sourceTree = "<group>"; };
		265CCEBD143D85B9005F348A /* arrowForwardLight.png */ = {isa = PBXFileReference; lastKnownFileType = image.png; path = arrowForwardLight.png; sourceTree = "<group>"; };
		265CCEBE143D85B9005F348A /* clock.png */ = {isa = PBXFileReference; lastKnownFileType = image.png; path = clock.png; sourceTree = "<group>"; };
		265CCEBF143D85B9005F348A /* heart.png */ = {isa = PBXFileReference; lastKnownFileType = image.png; path = heart.png; sourceTree = "<group>"; };
		265CCEC0143D85B9005F348A /* preferences.png */ = {isa = PBXFileReference; lastKnownFileType = image.png; path = preferences.png; sourceTree = "<group>"; };
		266102DC1445A2F0000730FA /* BrowserControllerProtocol.h */ = {isa = PBXFileReference; fileEncoding = 4; lastKnownFileType = sourcecode.c.h; path = BrowserControllerProtocol.h; sourceTree = "<group>"; };
		266D67A4143CCE8D0025F929 /* MiniBrowser.app */ = {isa = PBXFileReference; explicitFileType = wrapper.application; includeInIndex = 0; path = MiniBrowser.app; sourceTree = BUILT_PRODUCTS_DIR; };
		266D67A8143CCE8D0025F929 /* UIKit.framework */ = {isa = PBXFileReference; lastKnownFileType = wrapper.framework; name = UIKit.framework; path = System/Library/Frameworks/UIKit.framework; sourceTree = SDKROOT; };
		266D67AA143CCE8D0025F929 /* Foundation.framework */ = {isa = PBXFileReference; lastKnownFileType = wrapper.framework; name = Foundation.framework; path = System/Library/Frameworks/Foundation.framework; sourceTree = SDKROOT; };
		266D67AC143CCE8D0025F929 /* CoreGraphics.framework */ = {isa = PBXFileReference; lastKnownFileType = wrapper.framework; name = CoreGraphics.framework; path = System/Library/Frameworks/CoreGraphics.framework; sourceTree = SDKROOT; };
		266D67B2143CCE8D0025F929 /* en */ = {isa = PBXFileReference; lastKnownFileType = text.plist.strings; name = en; path = en.lproj/InfoPlist.strings; sourceTree = "<group>"; };
		266D67B7143CCE8D0025F929 /* MiniBrowserAppDelegate.h */ = {isa = PBXFileReference; lastKnownFileType = sourcecode.c.h; path = MiniBrowserAppDelegate.h; sourceTree = "<group>"; };
		266D67B8143CCE8D0025F929 /* MiniBrowserAppDelegate.m */ = {isa = PBXFileReference; lastKnownFileType = sourcecode.c.objc; path = MiniBrowserAppDelegate.m; sourceTree = "<group>"; };
		266D67BB143CCE8D0025F929 /* MiniBrowserAppDelegate_iPhone.h */ = {isa = PBXFileReference; lastKnownFileType = sourcecode.c.h; name = MiniBrowserAppDelegate_iPhone.h; path = iPhone/MiniBrowserAppDelegate_iPhone.h; sourceTree = "<group>"; };
		266D67BC143CCE8D0025F929 /* MiniBrowserAppDelegate_iPhone.m */ = {isa = PBXFileReference; lastKnownFileType = sourcecode.c.objc; name = MiniBrowserAppDelegate_iPhone.m; path = iPhone/MiniBrowserAppDelegate_iPhone.m; sourceTree = "<group>"; };
		266D67BF143CCE8D0025F929 /* en */ = {isa = PBXFileReference; lastKnownFileType = file.xib; name = en; path = iPhone/en.lproj/MainWindow_iPhone.xib; sourceTree = "<group>"; };
		266D67C2143CCE8D0025F929 /* MiniBrowserAppDelegate_iPad.h */ = {isa = PBXFileReference; lastKnownFileType = sourcecode.c.h; name = MiniBrowserAppDelegate_iPad.h; path = iPad/MiniBrowserAppDelegate_iPad.h; sourceTree = "<group>"; };
		266D67C3143CCE8D0025F929 /* MiniBrowserAppDelegate_iPad.m */ = {isa = PBXFileReference; lastKnownFileType = sourcecode.c.objc; name = MiniBrowserAppDelegate_iPad.m; path = iPad/MiniBrowserAppDelegate_iPad.m; sourceTree = "<group>"; };
		266D67C6143CCE8E0025F929 /* en */ = {isa = PBXFileReference; lastKnownFileType = file.xib; name = en; path = iPad/en.lproj/MainWindow_iPad.xib; sourceTree = "<group>"; };
		266D67CD143CCF720025F929 /* BrowserController.h */ = {isa = PBXFileReference; fileEncoding = 4; lastKnownFileType = sourcecode.c.h; path = BrowserController.h; sourceTree = "<group>"; };
		266D67CE143CCF720025F929 /* BrowserController.m */ = {isa = PBXFileReference; fileEncoding = 4; lastKnownFileType = sourcecode.c.objc; path = BrowserController.m; sourceTree = "<group>"; };
		267E13621495E1E100F319B8 /* PhonePageView.h */ = {isa = PBXFileReference; fileEncoding = 4; lastKnownFileType = sourcecode.c.h; name = PhonePageView.h; path = Tabs/iPhone/PhonePageView.h; sourceTree = "<group>"; };
		267E13631495E1E100F319B8 /* PhonePageView.m */ = {isa = PBXFileReference; fileEncoding = 4; lastKnownFileType = sourcecode.c.objc; name = PhonePageView.m; path = Tabs/iPhone/PhonePageView.m; sourceTree = "<group>"; };
		267E13641495E1E100F319B8 /* iPhonePageView.xib */ = {isa = PBXFileReference; fileEncoding = 4; lastKnownFileType = file.xib; name = iPhonePageView.xib; path = Tabs/iPhone/iPhonePageView.xib; sourceTree = "<group>"; };
		26A26868148E0DC30087E147 /* iPhoneBrowserView.xib */ = {isa = PBXFileReference; fileEncoding = 4; lastKnownFileType = file.xib; name = iPhoneBrowserView.xib; path = iPhone/iPhoneBrowserView.xib; sourceTree = "<group>"; };
		26A2686D148E0DDE0087E147 /* iPadBrowserView.xib */ = {isa = PBXFileReference; fileEncoding = 4; lastKnownFileType = file.xib; name = iPadBrowserView.xib; path = iPad/iPadBrowserView.xib; sourceTree = "<group>"; };
		26A26871148E0E0A0087E147 /* BookmarkFolderTableViewController.h */ = {isa = PBXFileReference; fileEncoding = 4; lastKnownFileType = sourcecode.c.h; name = BookmarkFolderTableViewController.h; path = Bookmark/BookmarkFolderTableViewController.h; sourceTree = "<group>"; };
		26A26872148E0E0A0087E147 /* BookmarkFolderTableViewController.m */ = {isa = PBXFileReference; fileEncoding = 4; lastKnownFileType = sourcecode.c.objc; name = BookmarkFolderTableViewController.m; path = Bookmark/BookmarkFolderTableViewController.m; sourceTree = "<group>"; };
		26A26873148E0E0A0087E147 /* BookmarkItem.h */ = {isa = PBXFileReference; fileEncoding = 4; lastKnownFileType = sourcecode.c.h; name = BookmarkItem.h; path = Bookmark/BookmarkItem.h; sourceTree = "<group>"; };
		26A26874148E0E0A0087E147 /* BookmarkItem.m */ = {isa = PBXFileReference; fileEncoding = 4; lastKnownFileType = sourcecode.c.objc; name = BookmarkItem.m; path = Bookmark/BookmarkItem.m; sourceTree = "<group>"; };
		26A26875148E0E0A0087E147 /* BookmarkSaveModel.h */ = {isa = PBXFileReference; fileEncoding = 4; lastKnownFileType = sourcecode.c.h; name = BookmarkSaveModel.h; path = Bookmark/BookmarkSaveModel.h; sourceTree = "<group>"; };
		26A26876148E0E0A0087E147 /* BookmarkSaveModel.m */ = {isa = PBXFileReference; fileEncoding = 4; lastKnownFileType = sourcecode.c.objc; name = BookmarkSaveModel.m; path = Bookmark/BookmarkSaveModel.m; sourceTree = "<group>"; };
		26A26877148E0E0A0087E147 /* BookmarkSaveProtocol.h */ = {isa = PBXFileReference; fileEncoding = 4; lastKnownFileType = sourcecode.c.h; name = BookmarkSaveProtocol.h; path = Bookmark/BookmarkSaveProtocol.h; sourceTree = "<group>"; };
		26A26878148E0E0A0087E147 /* BookmarkSaveTable.plist */ = {isa = PBXFileReference; fileEncoding = 4; lastKnownFileType = text.plist.xml; name = BookmarkSaveTable.plist; path = Bookmark/BookmarkSaveTable.plist; sourceTree = "<group>"; };
		26A26879148E0E0A0087E147 /* BookmarkSaveTableViewController.h */ = {isa = PBXFileReference; fileEncoding = 4; lastKnownFileType = sourcecode.c.h; name = BookmarkSaveTableViewController.h; path = Bookmark/BookmarkSaveTableViewController.h; sourceTree = "<group>"; };
		26A2687A148E0E0A0087E147 /* BookmarkSaveTableViewController.m */ = {isa = PBXFileReference; fileEncoding = 4; lastKnownFileType = sourcecode.c.objc; name = BookmarkSaveTableViewController.m; path = Bookmark/BookmarkSaveTableViewController.m; sourceTree = "<group>"; };
		26A2687B148E0E0A0087E147 /* BookmarkSaveTableViewProtocol.h */ = {isa = PBXFileReference; fileEncoding = 4; lastKnownFileType = sourcecode.c.h; name = BookmarkSaveTableViewProtocol.h; path = Bookmark/BookmarkSaveTableViewProtocol.h; sourceTree = "<group>"; };
		26A2687C148E0E0A0087E147 /* BookmarksStorage.h */ = {isa = PBXFileReference; fileEncoding = 4; lastKnownFileType = sourcecode.c.h; name = BookmarksStorage.h; path = Bookmark/BookmarksStorage.h; sourceTree = "<group>"; };
		26A2687D148E0E0A0087E147 /* BookmarksStorage.m */ = {isa = PBXFileReference; fileEncoding = 4; lastKnownFileType = sourcecode.c.objc; name = BookmarksStorage.m; path = Bookmark/BookmarksStorage.m; sourceTree = "<group>"; };
		26A2687E148E0E0A0087E147 /* BookmarksStorageProtocol.h */ = {isa = PBXFileReference; fileEncoding = 4; lastKnownFileType = sourcecode.c.h; name = BookmarksStorageProtocol.h; path = Bookmark/BookmarksStorageProtocol.h; sourceTree = "<group>"; };
		26A2687F148E0E0A0087E147 /* BookmarksTableViewController.h */ = {isa = PBXFileReference; fileEncoding = 4; lastKnownFileType = sourcecode.c.h; name = BookmarksTableViewController.h; path = Bookmark/BookmarksTableViewController.h; sourceTree = "<group>"; };
		26A26880148E0E0A0087E147 /* BookmarksTableViewController.m */ = {isa = PBXFileReference; fileEncoding = 4; lastKnownFileType = sourcecode.c.objc; name = BookmarksTableViewController.m; path = Bookmark/BookmarksTableViewController.m; sourceTree = "<group>"; };
		26A26881148E0E0A0087E147 /* BookmarkTreePermanent.plist */ = {isa = PBXFileReference; fileEncoding = 4; lastKnownFileType = text.plist.xml; name = BookmarkTreePermanent.plist; path = Bookmark/BookmarkTreePermanent.plist; sourceTree = "<group>"; };
		26A2689A148E0E2A0087E147 /* Settings.bundle */ = {isa = PBXFileReference; lastKnownFileType = "wrapper.plug-in"; name = Settings.bundle; path = Settings/Settings.bundle; sourceTree = "<group>"; };
		26A2689B148E0E2A0087E147 /* SettingsController.h */ = {isa = PBXFileReference; fileEncoding = 4; lastKnownFileType = sourcecode.c.h; name = SettingsController.h; path = Settings/SettingsController.h; sourceTree = "<group>"; };
		26A2689C148E0E2A0087E147 /* SettingsController.m */ = {isa = PBXFileReference; fileEncoding = 4; lastKnownFileType = sourcecode.c.objc; name = SettingsController.m; path = Settings/SettingsController.m; sourceTree = "<group>"; };
		26A2689D148E0E2A0087E147 /* SettingsControllerProtocol.h */ = {isa = PBXFileReference; fileEncoding = 4; lastKnownFileType = sourcecode.c.h; name = SettingsControllerProtocol.h; path = Settings/SettingsControllerProtocol.h; sourceTree = "<group>"; };
		26A268A4148E0E5C0087E147 /* SearchEngine.h */ = {isa = PBXFileReference; fileEncoding = 4; lastKnownFileType = sourcecode.c.h; name = SearchEngine.h; path = SearchEngine/SearchEngine.h; sourceTree = "<group>"; };
		26A268A5148E0E5C0087E147 /* SearchEngine.m */ = {isa = PBXFileReference; fileEncoding = 4; lastKnownFileType = sourcecode.c.objc; name = SearchEngine.m; path = SearchEngine/SearchEngine.m; sourceTree = "<group>"; };
		26A268A6148E0E5C0087E147 /* SearchEngineGoogle.h */ = {isa = PBXFileReference; fileEncoding = 4; lastKnownFileType = sourcecode.c.h; name = SearchEngineGoogle.h; path = SearchEngine/SearchEngineGoogle.h; sourceTree = "<group>"; };
		26A268A7148E0E5C0087E147 /* SearchEngineGoogle.m */ = {isa = PBXFileReference; fileEncoding = 4; lastKnownFileType = sourcecode.c.objc; name = SearchEngineGoogle.m; path = SearchEngine/SearchEngineGoogle.m; sourceTree = "<group>"; };
		26A268A8148E0E5C0087E147 /* SearchEngineProtocol.h */ = {isa = PBXFileReference; fileEncoding = 4; lastKnownFileType = sourcecode.c.h; name = SearchEngineProtocol.h; path = SearchEngine/SearchEngineProtocol.h; sourceTree = "<group>"; };
		26A268A9148E0E5C0087E147 /* SearchEngineYahoo.h */ = {isa = PBXFileReference; fileEncoding = 4; lastKnownFileType = sourcecode.c.h; name = SearchEngineYahoo.h; path = SearchEngine/SearchEngineYahoo.h; sourceTree = "<group>"; };
		26A268AA148E0E5C0087E147 /* SearchEngineYahoo.m */ = {isa = PBXFileReference; fileEncoding = 4; lastKnownFileType = sourcecode.c.objc; name = SearchEngineYahoo.m; path = SearchEngine/SearchEngineYahoo.m; sourceTree = "<group>"; };
		26A268CC148E10B40087E147 /* main.m */ = {isa = PBXFileReference; fileEncoding = 4; lastKnownFileType = sourcecode.c.objc; path = main.m; sourceTree = "<group>"; };
		26A268CD148E10B40087E147 /* MiniBrowser-Info.plist */ = {isa = PBXFileReference; fileEncoding = 4; lastKnownFileType = text.plist.xml; path = "MiniBrowser-Info.plist"; sourceTree = "<group>"; };
		26A268CE148E10B40087E147 /* MiniBrowser-Prefix.pch */ = {isa = PBXFileReference; fileEncoding = 4; lastKnownFileType = sourcecode.c.h; path = "MiniBrowser-Prefix.pch"; sourceTree = "<group>"; };
		26A268CF148E10B40087E147 /* MiniBrowser3G-Info.plist */ = {isa = PBXFileReference; fileEncoding = 4; lastKnownFileType = text.plist.xml; path = "MiniBrowser3G-Info.plist"; sourceTree = "<group>"; };
		26A268D0148E10B40087E147 /* MiniBrowserOriginal-Info.plist */ = {isa = PBXFileReference; fileEncoding = 4; lastKnownFileType = text.plist.xml; path = "MiniBrowserOriginal-Info.plist"; sourceTree = "<group>"; };
		26A268D1148E10B40087E147 /* NSDate+Extended.h */ = {isa = PBXFileReference; fileEncoding = 4; lastKnownFileType = sourcecode.c.h; path = "NSDate+Extended.h"; sourceTree = "<group>"; };
		26A268D2148E10B40087E147 /* NSDate+Extended.m */ = {isa = PBXFileReference; fileEncoding = 4; lastKnownFileType = sourcecode.c.objc; path = "NSDate+Extended.m"; sourceTree = "<group>"; };
		26A268EB148E12A80087E147 /* TabPageData.h */ = {isa = PBXFileReference; fileEncoding = 4; lastKnownFileType = sourcecode.c.h; name = TabPageData.h; path = Tabs/TabPageData.h; sourceTree = "<group>"; };
		26A268EC148E12A80087E147 /* TabPageData.m */ = {isa = PBXFileReference; fileEncoding = 4; lastKnownFileType = sourcecode.c.objc; name = TabPageData.m; path = Tabs/TabPageData.m; sourceTree = "<group>"; };
		26A268F1148E12E50087E147 /* TabPageView.h */ = {isa = PBXFileReference; fileEncoding = 4; lastKnownFileType = sourcecode.c.h; name = TabPageView.h; path = Tabs/TabPageView.h; sourceTree = "<group>"; };
		26A268F2148E12E50087E147 /* TabPageView.m */ = {isa = PBXFileReference; fileEncoding = 4; lastKnownFileType = sourcecode.c.objc; name = TabPageView.m; path = Tabs/TabPageView.m; sourceTree = "<group>"; };
		26A26916148E3C1E0087E147 /* TabPageScrollView.h */ = {isa = PBXFileReference; fileEncoding = 4; lastKnownFileType = sourcecode.c.h; name = TabPageScrollView.h; path = Tabs/TabPageScrollView.h; sourceTree = "<group>"; };
		26A26917148E3C1E0087E147 /* TabPageScrollView.m */ = {isa = PBXFileReference; fileEncoding = 4; lastKnownFileType = sourcecode.c.objc; name = TabPageScrollView.m; path = Tabs/TabPageScrollView.m; sourceTree = "<group>"; };
		26A26926148F5C1A0087E147 /* TabTouchView.h */ = {isa = PBXFileReference; fileEncoding = 4; lastKnownFileType = sourcecode.c.h; name = TabTouchView.h; path = Tabs/TabTouchView.h; sourceTree = "<group>"; };
		26A26927148F5C1A0087E147 /* TabTouchView.m */ = {isa = PBXFileReference; fileEncoding = 4; lastKnownFileType = sourcecode.c.objc; name = TabTouchView.m; path = Tabs/TabTouchView.m; sourceTree = "<group>"; };
		26A2692E148F5F8C0087E147 /* PhoneTabPageScrollView.h */ = {isa = PBXFileReference; fileEncoding = 4; lastKnownFileType = sourcecode.c.h; name = PhoneTabPageScrollView.h; path = Tabs/iPhone/PhoneTabPageScrollView.h; sourceTree = "<group>"; };
		26A2692F148F5F8C0087E147 /* PhoneTabPageScrollView.m */ = {isa = PBXFileReference; fileEncoding = 4; lastKnownFileType = sourcecode.c.objc; name = PhoneTabPageScrollView.m; path = Tabs/iPhone/PhoneTabPageScrollView.m; sourceTree = "<group>"; };
		26AF9D48144EF22500CBBF20 /* BookmarkTreePermanent.plist */ = {isa = PBXFileReference; fileEncoding = 4; lastKnownFileType = text.plist.xml; path = BookmarkTreePermanent.plist; sourceTree = "<group>"; };
		26C8CFB4145881A400536C9B /* MiniBrowser3G.app */ = {isa = PBXFileReference; explicitFileType = wrapper.application; includeInIndex = 0; path = MiniBrowser3G.app; sourceTree = BUILT_PRODUCTS_DIR; };
		26DB365A144EB3D6001C4CBC /* action.png */ = {isa = PBXFileReference; lastKnownFileType = image.png; path = action.png; sourceTree = "<group>"; };
		26DB36A8144EC19C001C4CBC /* UnitTests.octest */ = {isa = PBXFileReference; explicitFileType = wrapper.cfbundle; includeInIndex = 0; path = UnitTests.octest; sourceTree = BUILT_PRODUCTS_DIR; };
		26DB36A9144EC19C001C4CBC /* SenTestingKit.framework */ = {isa = PBXFileReference; lastKnownFileType = wrapper.framework; name = SenTestingKit.framework; path = Library/Frameworks/SenTestingKit.framework; sourceTree = DEVELOPER_DIR; };
		26DB36B0144EC19C001C4CBC /* UnitTests-Info.plist */ = {isa = PBXFileReference; lastKnownFileType = text.plist.xml; path = "UnitTests-Info.plist"; sourceTree = "<group>"; };
		26DB36B2144EC19C001C4CBC /* en */ = {isa = PBXFileReference; lastKnownFileType = text.plist.strings; name = en; path = en.lproj/InfoPlist.strings; sourceTree = "<group>"; };
		26DB36B4144EC19C001C4CBC /* UnitTests.h */ = {isa = PBXFileReference; lastKnownFileType = sourcecode.c.h; path = UnitTests.h; sourceTree = "<group>"; };
		26DB36B6144EC19C001C4CBC /* UnitTests.m */ = {isa = PBXFileReference; lastKnownFileType = sourcecode.c.objc; path = UnitTests.m; sourceTree = "<group>"; };
		26DB36B8144EC19C001C4CBC /* UnitTests-Prefix.pch */ = {isa = PBXFileReference; lastKnownFileType = sourcecode.c.h; path = "UnitTests-Prefix.pch"; sourceTree = "<group>"; };
		26FDCADB1473C48600744D07 /* newtab.png */ = {isa = PBXFileReference; lastKnownFileType = image.png; path = newtab.png; sourceTree = "<group>"; };
		26FE56BC1443269D001622F2 /* bookmark-iPad.png */ = {isa = PBXFileReference; lastKnownFileType = image.png; path = "bookmark-iPad.png"; sourceTree = "<group>"; };
		26FE56BE144326FB001622F2 /* bookmark-iPhone.png */ = {isa = PBXFileReference; lastKnownFileType = image.png; path = "bookmark-iPhone.png"; sourceTree = "<group>"; };
/* End PBXFileReference section */

/* Begin PBXFrameworksBuildPhase section */
		2643BEB414606FC00018673B /* Frameworks */ = {
			isa = PBXFrameworksBuildPhase;
			buildActionMask = 2147483647;
			files = (
				2626A2B514939C40002FD652 /* QuartzCore.framework in Frameworks */,
				2643BEB514606FC00018673B /* UIKit.framework in Frameworks */,
				2643BEB614606FC00018673B /* Foundation.framework in Frameworks */,
				2643BEB714606FC00018673B /* CoreGraphics.framework in Frameworks */,
			);
			runOnlyForDeploymentPostprocessing = 0;
		};
		266D67A1143CCE8D0025F929 /* Frameworks */ = {
			isa = PBXFrameworksBuildPhase;
			buildActionMask = 2147483647;
			files = (
				2626A2B314939C30002FD652 /* QuartzCore.framework in Frameworks */,
				266D67A9143CCE8D0025F929 /* UIKit.framework in Frameworks */,
				266D67AB143CCE8D0025F929 /* Foundation.framework in Frameworks */,
				266D67AD143CCE8D0025F929 /* CoreGraphics.framework in Frameworks */,
			);
			runOnlyForDeploymentPostprocessing = 0;
		};
		26C8CF99145881A400536C9B /* Frameworks */ = {
			isa = PBXFrameworksBuildPhase;
			buildActionMask = 2147483647;
			files = (
				2626A2B414939C39002FD652 /* QuartzCore.framework in Frameworks */,
				26C8CF9A145881A400536C9B /* UIKit.framework in Frameworks */,
				26C8CF9B145881A400536C9B /* Foundation.framework in Frameworks */,
				26C8CF9C145881A400536C9B /* CoreGraphics.framework in Frameworks */,
			);
			runOnlyForDeploymentPostprocessing = 0;
		};
		26DB36A4144EC19C001C4CBC /* Frameworks */ = {
			isa = PBXFrameworksBuildPhase;
			buildActionMask = 2147483647;
			files = (
				26DB36AA144EC19C001C4CBC /* SenTestingKit.framework in Frameworks */,
				26DB36AB144EC19C001C4CBC /* UIKit.framework in Frameworks */,
				26DB36AC144EC19C001C4CBC /* Foundation.framework in Frameworks */,
				26DB36AD144EC19C001C4CBC /* CoreGraphics.framework in Frameworks */,
			);
			runOnlyForDeploymentPostprocessing = 0;
		};
/* End PBXFrameworksBuildPhase section */

/* Begin PBXGroup section */
		265CCEB9143D85B9005F348A /* Resources */ = {
			isa = PBXGroup;
			children = (
				26DB365A144EB3D6001C4CBC /* action.png */,
				265CCEBA143D85B9005F348A /* arrowBackGray.png */,
				265CCEBB143D85B9005F348A /* arrowBackLight.png */,
				265CCEBC143D85B9005F348A /* arrowForwardGray.png */,
				265CCEBD143D85B9005F348A /* arrowForwardLight.png */,
				265CCEBE143D85B9005F348A /* clock.png */,
				265CCEBF143D85B9005F348A /* heart.png */,
				265CCEC0143D85B9005F348A /* preferences.png */,
				260D68AF1441B6C700093012 /* plus.png */,
				26FE56BC1443269D001622F2 /* bookmark-iPad.png */,
				26FE56BE144326FB001622F2 /* bookmark-iPhone.png */,
				26FDCADB1473C48600744D07 /* newtab.png */,
				261C43C21498FC2B008655EF /* close.png */,
			);
			path = Resources;
			sourceTree = "<group>";
		};
		266D6799143CCE8D0025F929 = {
			isa = PBXGroup;
			children = (
				266D67AE143CCE8D0025F929 /* MiniBrowser */,
				26DB36AE144EC19C001C4CBC /* UnitTests */,
				266D67A7143CCE8D0025F929 /* Frameworks */,
				266D67A5143CCE8D0025F929 /* Products */,
			);
			sourceTree = "<group>";
		};
		266D67A5143CCE8D0025F929 /* Products */ = {
			isa = PBXGroup;
			children = (
				266D67A4143CCE8D0025F929 /* MiniBrowser.app */,
				26DB36A8144EC19C001C4CBC /* UnitTests.octest */,
				26C8CFB4145881A400536C9B /* MiniBrowser3G.app */,
				2643BECF14606FC00018673B /* MiniBrowserOriginal.app */,
			);
			name = Products;
			sourceTree = "<group>";
		};
		266D67A7143CCE8D0025F929 /* Frameworks */ = {
			isa = PBXGroup;
			children = (
				2626A2B214939C30002FD652 /* QuartzCore.framework */,
				266D67A8143CCE8D0025F929 /* UIKit.framework */,
				266D67AA143CCE8D0025F929 /* Foundation.framework */,
				266D67AC143CCE8D0025F929 /* CoreGraphics.framework */,
				26DB36A9144EC19C001C4CBC /* SenTestingKit.framework */,
			);
			name = Frameworks;
			sourceTree = "<group>";
		};
		266D67AE143CCE8D0025F929 /* MiniBrowser */ = {
			isa = PBXGroup;
			children = (
				266D67B7143CCE8D0025F929 /* MiniBrowserAppDelegate.h */,
				266D67B8143CCE8D0025F929 /* MiniBrowserAppDelegate.m */,
				266D67BA143CCE8D0025F929 /* iPhone */,
				266D67C1143CCE8D0025F929 /* iPad */,
				266102DC1445A2F0000730FA /* BrowserControllerProtocol.h */,
				266D67CD143CCF720025F929 /* BrowserController.h */,
				266D67CE143CCF720025F929 /* BrowserController.m */,
				26A268F0148E12AF0087E147 /* Tabs */,
				26C083AF144820D70056B37A /* Bookmark */,
				26C083AE144820C50056B37A /* Settings */,
				26C083AD1448209F0056B37A /* SearchEngine */,
				265CCEB9143D85B9005F348A /* Resources */,
				266D67AF143CCE8D0025F929 /* Supporting Files */,
			);
			path = MiniBrowser;
			sourceTree = "<group>";
		};
		266D67AF143CCE8D0025F929 /* Supporting Files */ = {
			isa = PBXGroup;
			children = (
				26A268CC148E10B40087E147 /* main.m */,
				26A268CD148E10B40087E147 /* MiniBrowser-Info.plist */,
				26A268CE148E10B40087E147 /* MiniBrowser-Prefix.pch */,
				26A268CF148E10B40087E147 /* MiniBrowser3G-Info.plist */,
				26A268D0148E10B40087E147 /* MiniBrowserOriginal-Info.plist */,
				26A268D1148E10B40087E147 /* NSDate+Extended.h */,
				26A268D2148E10B40087E147 /* NSDate+Extended.m */,
				266D67B1143CCE8D0025F929 /* InfoPlist.strings */,
			);
			name = "Supporting Files";
			sourceTree = "<group>";
		};
		266D67BA143CCE8D0025F929 /* iPhone */ = {
			isa = PBXGroup;
			children = (
				266D67BB143CCE8D0025F929 /* MiniBrowserAppDelegate_iPhone.h */,
				266D67BC143CCE8D0025F929 /* MiniBrowserAppDelegate_iPhone.m */,
				266D67BE143CCE8D0025F929 /* MainWindow_iPhone.xib */,
				26A26868148E0DC30087E147 /* iPhoneBrowserView.xib */,
			);
			name = iPhone;
			sourceTree = "<group>";
		};
		266D67C1143CCE8D0025F929 /* iPad */ = {
			isa = PBXGroup;
			children = (
				266D67C2143CCE8D0025F929 /* MiniBrowserAppDelegate_iPad.h */,
				266D67C3143CCE8D0025F929 /* MiniBrowserAppDelegate_iPad.m */,
				266D67C5143CCE8E0025F929 /* MainWindow_iPad.xib */,
				26A2686D148E0DDE0087E147 /* iPadBrowserView.xib */,
			);
			name = iPad;
			sourceTree = "<group>";
		};
		26A268F0148E12AF0087E147 /* Tabs */ = {
			isa = PBXGroup;
			children = (
				26A2692D148F5F370087E147 /* iPad */,
				26A2692C148F5F2F0087E147 /* iPhone */,
				26A26916148E3C1E0087E147 /* TabPageScrollView.h */,
				26A26917148E3C1E0087E147 /* TabPageScrollView.m */,
				26A268EB148E12A80087E147 /* TabPageData.h */,
				26A268EC148E12A80087E147 /* TabPageData.m */,
				26A268F1148E12E50087E147 /* TabPageView.h */,
				26A268F2148E12E50087E147 /* TabPageView.m */,
				26A26926148F5C1A0087E147 /* TabTouchView.h */,
				26A26927148F5C1A0087E147 /* TabTouchView.m */,
				265072D61498D2460065CD03 /* PageHeaderInfo.h */,
			);
			name = Tabs;
			sourceTree = "<group>";
		};
		26A2692C148F5F2F0087E147 /* iPhone */ = {
			isa = PBXGroup;
			children = (
				267E13621495E1E100F319B8 /* PhonePageView.h */,
				267E13631495E1E100F319B8 /* PhonePageView.m */,
				267E13641495E1E100F319B8 /* iPhonePageView.xib */,
				26A2692E148F5F8C0087E147 /* PhoneTabPageScrollView.h */,
				26A2692F148F5F8C0087E147 /* PhoneTabPageScrollView.m */,
				265072D11498D2290065CD03 /* iPhoneTabPageScrollView.xib */,
			);
			name = iPhone;
			sourceTree = "<group>";
		};
		26A2692D148F5F370087E147 /* iPad */ = {
			isa = PBXGroup;
			children = (
			);
			name = iPad;
			sourceTree = "<group>";
		};
		26C083AD1448209F0056B37A /* SearchEngine */ = {
			isa = PBXGroup;
			children = (
				26A268A4148E0E5C0087E147 /* SearchEngine.h */,
				26A268A5148E0E5C0087E147 /* SearchEngine.m */,
				26A268A6148E0E5C0087E147 /* SearchEngineGoogle.h */,
				26A268A7148E0E5C0087E147 /* SearchEngineGoogle.m */,
				26A268A8148E0E5C0087E147 /* SearchEngineProtocol.h */,
				26A268A9148E0E5C0087E147 /* SearchEngineYahoo.h */,
				26A268AA148E0E5C0087E147 /* SearchEngineYahoo.m */,
			);
			name = SearchEngine;
			sourceTree = "<group>";
		};
		26C083AE144820C50056B37A /* Settings */ = {
			isa = PBXGroup;
			children = (
				26A2689A148E0E2A0087E147 /* Settings.bundle */,
				26A2689B148E0E2A0087E147 /* SettingsController.h */,
				26A2689C148E0E2A0087E147 /* SettingsController.m */,
				26A2689D148E0E2A0087E147 /* SettingsControllerProtocol.h */,
			);
			name = Settings;
			sourceTree = "<group>";
		};
		26C083AF144820D70056B37A /* Bookmark */ = {
			isa = PBXGroup;
			children = (
				26A26871148E0E0A0087E147 /* BookmarkFolderTableViewController.h */,
				26A26872148E0E0A0087E147 /* BookmarkFolderTableViewController.m */,
				26A26873148E0E0A0087E147 /* BookmarkItem.h */,
				26A26874148E0E0A0087E147 /* BookmarkItem.m */,
				26A26875148E0E0A0087E147 /* BookmarkSaveModel.h */,
				26A26876148E0E0A0087E147 /* BookmarkSaveModel.m */,
				26A26877148E0E0A0087E147 /* BookmarkSaveProtocol.h */,
				26A26878148E0E0A0087E147 /* BookmarkSaveTable.plist */,
				26A26879148E0E0A0087E147 /* BookmarkSaveTableViewController.h */,
				26A2687A148E0E0A0087E147 /* BookmarkSaveTableViewController.m */,
				26A2687B148E0E0A0087E147 /* BookmarkSaveTableViewProtocol.h */,
				26A2687C148E0E0A0087E147 /* BookmarksStorage.h */,
				26A2687D148E0E0A0087E147 /* BookmarksStorage.m */,
				26A2687E148E0E0A0087E147 /* BookmarksStorageProtocol.h */,
				26A2687F148E0E0A0087E147 /* BookmarksTableViewController.h */,
				26A26880148E0E0A0087E147 /* BookmarksTableViewController.m */,
				26A26881148E0E0A0087E147 /* BookmarkTreePermanent.plist */,
			);
			name = Bookmark;
			sourceTree = "<group>";
		};
		26DB36AE144EC19C001C4CBC /* UnitTests */ = {
			isa = PBXGroup;
			children = (
				26DB36B4144EC19C001C4CBC /* UnitTests.h */,
				26DB36B6144EC19C001C4CBC /* UnitTests.m */,
				26AF9D48144EF22500CBBF20 /* BookmarkTreePermanent.plist */,
				26DB36AF144EC19C001C4CBC /* Supporting Files */,
			);
			path = UnitTests;
			sourceTree = "<group>";
		};
		26DB36AF144EC19C001C4CBC /* Supporting Files */ = {
			isa = PBXGroup;
			children = (
				26DB36B0144EC19C001C4CBC /* UnitTests-Info.plist */,
				26DB36B1144EC19C001C4CBC /* InfoPlist.strings */,
				26DB36B8144EC19C001C4CBC /* UnitTests-Prefix.pch */,
			);
			name = "Supporting Files";
			sourceTree = "<group>";
		};
/* End PBXGroup section */

/* Begin PBXNativeTarget section */
		2643BEA014606FC00018673B /* MiniBrowserOriginal */ = {
			isa = PBXNativeTarget;
			buildConfigurationList = 2643BECB14606FC00018673B /* Build configuration list for PBXNativeTarget "MiniBrowserOriginal" */;
			buildPhases = (
				2643BEA314606FC00018673B /* Sources */,
				2643BEB414606FC00018673B /* Frameworks */,
				2643BEB814606FC00018673B /* Resources */,
			);
			buildRules = (
			);
			dependencies = (
				2643BEA114606FC00018673B /* PBXTargetDependency */,
			);
			name = MiniBrowserOriginal;
			productName = MiniBrowser;
			productReference = 2643BECF14606FC00018673B /* MiniBrowserOriginal.app */;
			productType = "com.apple.product-type.application";
		};
		266D67A3143CCE8D0025F929 /* MiniBrowser */ = {
			isa = PBXNativeTarget;
			buildConfigurationList = 266D67CA143CCE8E0025F929 /* Build configuration list for PBXNativeTarget "MiniBrowser" */;
			buildPhases = (
				266D67A0143CCE8D0025F929 /* Sources */,
				266D67A1143CCE8D0025F929 /* Frameworks */,
				266D67A2143CCE8D0025F929 /* Resources */,
			);
			buildRules = (
			);
			dependencies = (
				26DB36BF144EC1E2001C4CBC /* PBXTargetDependency */,
			);
			name = MiniBrowser;
			productName = MiniBrowser;
			productReference = 266D67A4143CCE8D0025F929 /* MiniBrowser.app */;
			productType = "com.apple.product-type.application";
		};
		26C8CF85145881A400536C9B /* MiniBrowser3G */ = {
			isa = PBXNativeTarget;
			buildConfigurationList = 26C8CFB0145881A400536C9B /* Build configuration list for PBXNativeTarget "MiniBrowser3G" */;
			buildPhases = (
				26C8CF88145881A400536C9B /* Sources */,
				26C8CF99145881A400536C9B /* Frameworks */,
				26C8CF9D145881A400536C9B /* Resources */,
			);
			buildRules = (
			);
			dependencies = (
				26C8CF86145881A400536C9B /* PBXTargetDependency */,
			);
			name = MiniBrowser3G;
			productName = MiniBrowser;
			productReference = 26C8CFB4145881A400536C9B /* MiniBrowser3G.app */;
			productType = "com.apple.product-type.application";
		};
		26DB36A7144EC19C001C4CBC /* UnitTests */ = {
			isa = PBXNativeTarget;
			buildConfigurationList = 26DB36B9144EC19C001C4CBC /* Build configuration list for PBXNativeTarget "UnitTests" */;
			buildPhases = (
				26DB36A3144EC19C001C4CBC /* Sources */,
				26DB36A4144EC19C001C4CBC /* Frameworks */,
				26DB36A5144EC19C001C4CBC /* Resources */,
				26DB36A6144EC19C001C4CBC /* ShellScript */,
			);
			buildRules = (
			);
			dependencies = (
			);
			name = UnitTests;
			productName = UnitTests;
			productReference = 26DB36A8144EC19C001C4CBC /* UnitTests.octest */;
			productType = "com.apple.product-type.bundle";
		};
/* End PBXNativeTarget section */

/* Begin PBXProject section */
		266D679B143CCE8D0025F929 /* Project object */ = {
			isa = PBXProject;
			attributes = {
				LastUpgradeCheck = 0420;
				ORGANIZATIONNAME = Alma;
			};
			buildConfigurationList = 266D679E143CCE8D0025F929 /* Build configuration list for PBXProject "MiniBrowser" */;
			compatibilityVersion = "Xcode 3.2";
			developmentRegion = English;
			hasScannedForEncodings = 0;
			knownRegions = (
				en,
			);
			mainGroup = 266D6799143CCE8D0025F929;
			productRefGroup = 266D67A5143CCE8D0025F929 /* Products */;
			projectDirPath = "";
			projectRoot = "";
			targets = (
				266D67A3143CCE8D0025F929 /* MiniBrowser */,
				26C8CF85145881A400536C9B /* MiniBrowser3G */,
				2643BEA014606FC00018673B /* MiniBrowserOriginal */,
				26DB36A7144EC19C001C4CBC /* UnitTests */,
			);
		};
/* End PBXProject section */

/* Begin PBXResourcesBuildPhase section */
		2643BEB814606FC00018673B /* Resources */ = {
			isa = PBXResourcesBuildPhase;
			buildActionMask = 2147483647;
			files = (
				2643BED814607B760018673B /* InfoPlist.strings in Resources */,
				2643BEBA14606FC00018673B /* MainWindow_iPhone.xib in Resources */,
				2643BEBB14606FC00018673B /* MainWindow_iPad.xib in Resources */,
				2643BEBE14606FC00018673B /* arrowBackGray.png in Resources */,
				2643BEBF14606FC00018673B /* arrowBackLight.png in Resources */,
				2643BEC014606FC00018673B /* arrowForwardGray.png in Resources */,
				2643BEC114606FC00018673B /* arrowForwardLight.png in Resources */,
				2643BEC214606FC00018673B /* clock.png in Resources */,
				2643BEC314606FC00018673B /* heart.png in Resources */,
				2643BEC414606FC00018673B /* preferences.png in Resources */,
				2643BEC514606FC00018673B /* plus.png in Resources */,
				2643BEC614606FC00018673B /* bookmark-iPad.png in Resources */,
				2643BEC714606FC00018673B /* bookmark-iPhone.png in Resources */,
				2643BECA14606FC00018673B /* action.png in Resources */,
				26FDCADE1473C48600744D07 /* newtab.png in Resources */,
				26A2686B148E0DC30087E147 /* iPhoneBrowserView.xib in Resources */,
				26A26870148E0DDE0087E147 /* iPadBrowserView.xib in Resources */,
				26A2688D148E0E0A0087E147 /* BookmarkSaveTable.plist in Resources */,
				26A26899148E0E0A0087E147 /* BookmarkTreePermanent.plist in Resources */,
				26A268A0148E0E2A0087E147 /* Settings.bundle in Resources */,
				267E136A1495E1E100F319B8 /* iPhonePageView.xib in Resources */,
				265072D41498D2290065CD03 /* iPhoneTabPageScrollView.xib in Resources */,
				261C43C51498FC2B008655EF /* close.png in Resources */,
			);
			runOnlyForDeploymentPostprocessing = 0;
		};
		266D67A2143CCE8D0025F929 /* Resources */ = {
			isa = PBXResourcesBuildPhase;
			buildActionMask = 2147483647;
			files = (
				266D67B3143CCE8D0025F929 /* InfoPlist.strings in Resources */,
				266D67C0143CCE8D0025F929 /* MainWindow_iPhone.xib in Resources */,
				266D67C7143CCE8E0025F929 /* MainWindow_iPad.xib in Resources */,
				265CCEC1143D85B9005F348A /* arrowBackGray.png in Resources */,
				265CCEC2143D85B9005F348A /* arrowBackLight.png in Resources */,
				265CCEC3143D85B9005F348A /* arrowForwardGray.png in Resources */,
				265CCEC4143D85B9005F348A /* arrowForwardLight.png in Resources */,
				265CCEC5143D85B9005F348A /* clock.png in Resources */,
				265CCEC6143D85B9005F348A /* heart.png in Resources */,
				265CCEC7143D85B9005F348A /* preferences.png in Resources */,
				260D68B01441B6C700093012 /* plus.png in Resources */,
				26FE56BD1443269D001622F2 /* bookmark-iPad.png in Resources */,
				26FE56BF144326FB001622F2 /* bookmark-iPhone.png in Resources */,
				26DB365B144EB3D6001C4CBC /* action.png in Resources */,
				26FDCADC1473C48600744D07 /* newtab.png in Resources */,
				26A26869148E0DC30087E147 /* iPhoneBrowserView.xib in Resources */,
				26A2686E148E0DDE0087E147 /* iPadBrowserView.xib in Resources */,
				26A2688B148E0E0A0087E147 /* BookmarkSaveTable.plist in Resources */,
				26A26897148E0E0A0087E147 /* BookmarkTreePermanent.plist in Resources */,
				26A2689E148E0E2A0087E147 /* Settings.bundle in Resources */,
				267E13681495E1E100F319B8 /* iPhonePageView.xib in Resources */,
				265072D21498D2290065CD03 /* iPhoneTabPageScrollView.xib in Resources */,
				261C43C31498FC2B008655EF /* close.png in Resources */,
			);
			runOnlyForDeploymentPostprocessing = 0;
		};
		26C8CF9D145881A400536C9B /* Resources */ = {
			isa = PBXResourcesBuildPhase;
			buildActionMask = 2147483647;
			files = (
				26C8CF9E145881A400536C9B /* InfoPlist.strings in Resources */,
				26C8CF9F145881A400536C9B /* MainWindow_iPhone.xib in Resources */,
				26C8CFA0145881A400536C9B /* MainWindow_iPad.xib in Resources */,
				26C8CFA3145881A400536C9B /* arrowBackGray.png in Resources */,
				26C8CFA4145881A400536C9B /* arrowBackLight.png in Resources */,
				26C8CFA5145881A400536C9B /* arrowForwardGray.png in Resources */,
				26C8CFA6145881A400536C9B /* arrowForwardLight.png in Resources */,
				26C8CFA7145881A400536C9B /* clock.png in Resources */,
				26C8CFA8145881A400536C9B /* heart.png in Resources */,
				26C8CFA9145881A400536C9B /* preferences.png in Resources */,
				26C8CFAA145881A400536C9B /* plus.png in Resources */,
				26C8CFAB145881A400536C9B /* bookmark-iPad.png in Resources */,
				26C8CFAC145881A400536C9B /* bookmark-iPhone.png in Resources */,
				26C8CFAF145881A400536C9B /* action.png in Resources */,
				26FDCADD1473C48600744D07 /* newtab.png in Resources */,
				26A2686A148E0DC30087E147 /* iPhoneBrowserView.xib in Resources */,
				26A2686F148E0DDE0087E147 /* iPadBrowserView.xib in Resources */,
				26A2688C148E0E0A0087E147 /* BookmarkSaveTable.plist in Resources */,
				26A26898148E0E0A0087E147 /* BookmarkTreePermanent.plist in Resources */,
				26A2689F148E0E2A0087E147 /* Settings.bundle in Resources */,
				267E13691495E1E100F319B8 /* iPhonePageView.xib in Resources */,
				265072D31498D2290065CD03 /* iPhoneTabPageScrollView.xib in Resources */,
				261C43C41498FC2B008655EF /* close.png in Resources */,
			);
			runOnlyForDeploymentPostprocessing = 0;
		};
		26DB36A5144EC19C001C4CBC /* Resources */ = {
			isa = PBXResourcesBuildPhase;
			buildActionMask = 2147483647;
			files = (
				26AF9D4D144EF9F100CBBF20 /* BookmarkTreePermanent.plist in Resources */,
				26DB36B3144EC19C001C4CBC /* InfoPlist.strings in Resources */,
				26DB36B5144EC19C001C4CBC /* UnitTests.h in Resources */,
			);
			runOnlyForDeploymentPostprocessing = 0;
		};
/* End PBXResourcesBuildPhase section */

/* Begin PBXShellScriptBuildPhase section */
		26DB36A6144EC19C001C4CBC /* ShellScript */ = {
			isa = PBXShellScriptBuildPhase;
			buildActionMask = 2147483647;
			files = (
			);
			inputPaths = (
			);
			outputPaths = (
			);
			runOnlyForDeploymentPostprocessing = 0;
			shellPath = /bin/sh;
			shellScript = "# Run the unit tests in this test bundle.\n\"${SYSTEM_DEVELOPER_DIR}/Tools/RunUnitTests\"\n";
		};
/* End PBXShellScriptBuildPhase section */

/* Begin PBXSourcesBuildPhase section */
		2643BEA314606FC00018673B /* Sources */ = {
			isa = PBXSourcesBuildPhase;
			buildActionMask = 2147483647;
			files = (
				2643BEA514606FC00018673B /* MiniBrowserAppDelegate.m in Sources */,
				2643BEA614606FC00018673B /* MiniBrowserAppDelegate_iPhone.m in Sources */,
				2643BEA714606FC00018673B /* MiniBrowserAppDelegate_iPad.m in Sources */,
				2643BEA814606FC00018673B /* BrowserController.m in Sources */,
				26A26884148E0E0A0087E147 /* BookmarkFolderTableViewController.m in Sources */,
				26A26887148E0E0A0087E147 /* BookmarkItem.m in Sources */,
				26A2688A148E0E0A0087E147 /* BookmarkSaveModel.m in Sources */,
				26A26890148E0E0A0087E147 /* BookmarkSaveTableViewController.m in Sources */,
				26A26893148E0E0A0087E147 /* BookmarksStorage.m in Sources */,
				26A26896148E0E0A0087E147 /* BookmarksTableViewController.m in Sources */,
				26A268A3148E0E2A0087E147 /* SettingsController.m in Sources */,
				26A268AD148E0E5C0087E147 /* SearchEngine.m in Sources */,
				26A268B0148E0E5C0087E147 /* SearchEngineGoogle.m in Sources */,
				26A268B3148E0E5C0087E147 /* SearchEngineYahoo.m in Sources */,
				26A268D5148E10B40087E147 /* main.m in Sources */,
				26A268E1148E10B40087E147 /* NSDate+Extended.m in Sources */,
				26A268EF148E12A80087E147 /* TabPageData.m in Sources */,
				26A268F5148E12E50087E147 /* TabPageView.m in Sources */,
				26A2691A148E3C1E0087E147 /* TabPageScrollView.m in Sources */,
				26A2692A148F5C1A0087E147 /* TabTouchView.m in Sources */,
				26A26932148F5F8C0087E147 /* PhoneTabPageScrollView.m in Sources */,
				267E13671495E1E100F319B8 /* PhonePageView.m in Sources */,
			);
			runOnlyForDeploymentPostprocessing = 0;
		};
		266D67A0143CCE8D0025F929 /* Sources */ = {
			isa = PBXSourcesBuildPhase;
			buildActionMask = 2147483647;
			files = (
				266D67B9143CCE8D0025F929 /* MiniBrowserAppDelegate.m in Sources */,
				266D67BD143CCE8D0025F929 /* MiniBrowserAppDelegate_iPhone.m in Sources */,
				266D67C4143CCE8D0025F929 /* MiniBrowserAppDelegate_iPad.m in Sources */,
				266D67CF143CCF720025F929 /* BrowserController.m in Sources */,
				26A26882148E0E0A0087E147 /* BookmarkFolderTableViewController.m in Sources */,
				26A26885148E0E0A0087E147 /* BookmarkItem.m in Sources */,
				26A26888148E0E0A0087E147 /* BookmarkSaveModel.m in Sources */,
				26A2688E148E0E0A0087E147 /* BookmarkSaveTableViewController.m in Sources */,
				26A26891148E0E0A0087E147 /* BookmarksStorage.m in Sources */,
				26A26894148E0E0A0087E147 /* BookmarksTableViewController.m in Sources */,
				26A268A1148E0E2A0087E147 /* SettingsController.m in Sources */,
				26A268AB148E0E5C0087E147 /* SearchEngine.m in Sources */,
				26A268AE148E0E5C0087E147 /* SearchEngineGoogle.m in Sources */,
				26A268B1148E0E5C0087E147 /* SearchEngineYahoo.m in Sources */,
				26A268D3148E10B40087E147 /* main.m in Sources */,
				26A268DF148E10B40087E147 /* NSDate+Extended.m in Sources */,
				26A268ED148E12A80087E147 /* TabPageData.m in Sources */,
				26A268F3148E12E50087E147 /* TabPageView.m in Sources */,
				26A26918148E3C1E0087E147 /* TabPageScrollView.m in Sources */,
				26A26928148F5C1A0087E147 /* TabTouchView.m in Sources */,
				26A26930148F5F8C0087E147 /* PhoneTabPageScrollView.m in Sources */,
				267E13651495E1E100F319B8 /* PhonePageView.m in Sources */,
			);
			runOnlyForDeploymentPostprocessing = 0;
		};
		26C8CF88145881A400536C9B /* Sources */ = {
			isa = PBXSourcesBuildPhase;
			buildActionMask = 2147483647;
			files = (
				26C8CF8A145881A400536C9B /* MiniBrowserAppDelegate.m in Sources */,
				26C8CF8B145881A400536C9B /* MiniBrowserAppDelegate_iPhone.m in Sources */,
				26C8CF8C145881A400536C9B /* MiniBrowserAppDelegate_iPad.m in Sources */,
				26C8CF8D145881A400536C9B /* BrowserController.m in Sources */,
				26A26883148E0E0A0087E147 /* BookmarkFolderTableViewController.m in Sources */,
				26A26886148E0E0A0087E147 /* BookmarkItem.m in Sources */,
				26A26889148E0E0A0087E147 /* BookmarkSaveModel.m in Sources */,
				26A2688F148E0E0A0087E147 /* BookmarkSaveTableViewController.m in Sources */,
				26A26892148E0E0A0087E147 /* BookmarksStorage.m in Sources */,
				26A26895148E0E0A0087E147 /* BookmarksTableViewController.m in Sources */,
				26A268A2148E0E2A0087E147 /* SettingsController.m in Sources */,
				26A268AC148E0E5C0087E147 /* SearchEngine.m in Sources */,
				26A268AF148E0E5C0087E147 /* SearchEngineGoogle.m in Sources */,
				26A268B2148E0E5C0087E147 /* SearchEngineYahoo.m in Sources */,
				26A268D4148E10B40087E147 /* main.m in Sources */,
				26A268E0148E10B40087E147 /* NSDate+Extended.m in Sources */,
				26A268EE148E12A80087E147 /* TabPageData.m in Sources */,
				26A268F4148E12E50087E147 /* TabPageView.m in Sources */,
				26A26919148E3C1E0087E147 /* TabPageScrollView.m in Sources */,
				26A26929148F5C1A0087E147 /* TabTouchView.m in Sources */,
				26A26931148F5F8C0087E147 /* PhoneTabPageScrollView.m in Sources */,
				267E13661495E1E100F319B8 /* PhonePageView.m in Sources */,
			);
			runOnlyForDeploymentPostprocessing = 0;
		};
		26DB36A3144EC19C001C4CBC /* Sources */ = {
			isa = PBXSourcesBuildPhase;
			buildActionMask = 2147483647;
			files = (
				26A268CB148E0FF00087E147 /* BookmarkItem.m in Sources */,
				26A268CA148E0FE40087E147 /* BookmarksStorage.m in Sources */,
				265F359E145978A700EC85B7 /* UnitTests.m in Sources */,
			);
			runOnlyForDeploymentPostprocessing = 0;
		};
/* End PBXSourcesBuildPhase section */

/* Begin PBXTargetDependency section */
		2643BEA114606FC00018673B /* PBXTargetDependency */ = {
			isa = PBXTargetDependency;
			target = 26DB36A7144EC19C001C4CBC /* UnitTests */;
			targetProxy = 2643BEA214606FC00018673B /* PBXContainerItemProxy */;
		};
		26C8CF86145881A400536C9B /* PBXTargetDependency */ = {
			isa = PBXTargetDependency;
			target = 26DB36A7144EC19C001C4CBC /* UnitTests */;
			targetProxy = 26C8CF87145881A400536C9B /* PBXContainerItemProxy */;
		};
		26DB36BF144EC1E2001C4CBC /* PBXTargetDependency */ = {
			isa = PBXTargetDependency;
			target = 26DB36A7144EC19C001C4CBC /* UnitTests */;
			targetProxy = 26DB36BE144EC1E2001C4CBC /* PBXContainerItemProxy */;
		};
/* End PBXTargetDependency section */

/* Begin PBXVariantGroup section */
		266D67B1143CCE8D0025F929 /* InfoPlist.strings */ = {
			isa = PBXVariantGroup;
			children = (
				266D67B2143CCE8D0025F929 /* en */,
			);
			name = InfoPlist.strings;
			sourceTree = "<group>";
		};
		266D67BE143CCE8D0025F929 /* MainWindow_iPhone.xib */ = {
			isa = PBXVariantGroup;
			children = (
				266D67BF143CCE8D0025F929 /* en */,
			);
			name = MainWindow_iPhone.xib;
			sourceTree = "<group>";
		};
		266D67C5143CCE8E0025F929 /* MainWindow_iPad.xib */ = {
			isa = PBXVariantGroup;
			children = (
				266D67C6143CCE8E0025F929 /* en */,
			);
			name = MainWindow_iPad.xib;
			sourceTree = "<group>";
		};
		26DB36B1144EC19C001C4CBC /* InfoPlist.strings */ = {
			isa = PBXVariantGroup;
			children = (
				26DB36B2144EC19C001C4CBC /* en */,
			);
			name = InfoPlist.strings;
			sourceTree = "<group>";
		};
/* End PBXVariantGroup section */

/* Begin XCBuildConfiguration section */
		263157FC145574E5006F6368 /* Distibution for testing */ = {
			isa = XCBuildConfiguration;
			buildSettings = {
				ALWAYS_SEARCH_USER_PATHS = NO;
				ARCHS = "$(ARCHS_STANDARD_32_BIT)";
				CODE_SIGN_IDENTITY = "iPhone Distribution";
				"CODE_SIGN_IDENTITY[sdk=iphoneos*]" = "iPhone Distribution";
				COPY_PHASE_STRIP = YES;
				GCC_C_LANGUAGE_STANDARD = gnu99;
				GCC_VERSION = "";
				GCC_WARN_ABOUT_MISSING_PROTOTYPES = YES;
				GCC_WARN_ABOUT_RETURN_TYPE = YES;
				GCC_WARN_UNUSED_VARIABLE = YES;
				IPHONEOS_DEPLOYMENT_TARGET = 5.0;
				OTHER_CFLAGS = "-DNS_BLOCK_ASSERTIONS=1";
				OTHER_LDFLAGS = "";
				PROVISIONING_PROFILE = "";
				"PROVISIONING_PROFILE[sdk=iphoneos*]" = "";
				SDKROOT = iphoneos;
				TARGETED_DEVICE_FAMILY = "1,2";
				VALIDATE_PRODUCT = YES;
				VALID_ARCHS = "armv6 armv7";
			};
			name = "Distibution for testing";
		};
		263157FD145574E5006F6368 /* Distibution for testing */ = {
			isa = XCBuildConfiguration;
			buildSettings = {
				CODE_SIGN_IDENTITY = "iPhone Distribution";
				GCC_PRECOMPILE_PREFIX_HEADER = YES;
				GCC_PREFIX_HEADER = "MiniBrowser/MiniBrowser-Prefix.pch";
				GCC_VERSION = com.apple.compilers.llvm.clang.1_0;
				INFOPLIST_FILE = "MiniBrowser/MiniBrowser-Info.plist";
				PRODUCT_NAME = "$(TARGET_NAME)";
				PROVISIONING_PROFILE = "";
				VALID_ARCHS = "armv6 armv7";
				WRAPPER_EXTENSION = app;
			};
			name = "Distibution for testing";
		};
		263157FE145574E5006F6368 /* Distibution for testing */ = {
			isa = XCBuildConfiguration;
			buildSettings = {
				FRAMEWORK_SEARCH_PATHS = (
					"$(SDKROOT)/Developer/Library/Frameworks",
					"$(DEVELOPER_LIBRARY_DIR)/Frameworks",
				);
				GCC_PRECOMPILE_PREFIX_HEADER = YES;
				GCC_PREFIX_HEADER = "UnitTests/UnitTests-Prefix.pch";
				GCC_VERSION = com.apple.compilers.llvm.clang.1_0;
				INFOPLIST_FILE = "UnitTests/UnitTests-Info.plist";
				PRODUCT_NAME = "$(TARGET_NAME)";
				VALID_ARCHS = "armv6 armv7";
				WRAPPER_EXTENSION = octest;
			};
			name = "Distibution for testing";
		};
		2643BECC14606FC00018673B /* Debug */ = {
			isa = XCBuildConfiguration;
			buildSettings = {
				ARCHS = (
					"$(ARCHS_STANDARD_32_BIT)",
					armv6,
				);
				GCC_PRECOMPILE_PREFIX_HEADER = YES;
				GCC_PREFIX_HEADER = "MiniBrowser/MiniBrowser-Prefix.pch";
				GCC_VERSION = com.apple.compilers.llvm.clang.1_0;
				INFOPLIST_FILE = "MiniBrowser/MiniBrowserOriginal-Info.plist";
				IPHONEOS_DEPLOYMENT_TARGET = 3.1;
				PRODUCT_NAME = MiniBrowserOriginal;
				VALID_ARCHS = "armv6 armv7";
				WRAPPER_EXTENSION = app;
			};
			name = Debug;
		};
		2643BECD14606FC00018673B /* Release */ = {
			isa = XCBuildConfiguration;
			buildSettings = {
				ARCHS = (
					"$(ARCHS_STANDARD_32_BIT)",
					armv6,
				);
				GCC_PRECOMPILE_PREFIX_HEADER = YES;
				GCC_PREFIX_HEADER = "MiniBrowser/MiniBrowser-Prefix.pch";
				GCC_VERSION = com.apple.compilers.llvm.clang.1_0;
				INFOPLIST_FILE = "MiniBrowser/MiniBrowserOriginal-Info.plist";
				IPHONEOS_DEPLOYMENT_TARGET = 3.1;
				PRODUCT_NAME = MiniBrowserOriginal;
				VALID_ARCHS = "armv6 armv7";
				WRAPPER_EXTENSION = app;
			};
			name = Release;
		};
		2643BECE14606FC00018673B /* Distibution for testing */ = {
			isa = XCBuildConfiguration;
			buildSettings = {
				ARCHS = (
					"$(ARCHS_STANDARD_32_BIT)",
					armv6,
				);
				CODE_SIGN_IDENTITY = "iPhone Distribution";
				GCC_PRECOMPILE_PREFIX_HEADER = YES;
				GCC_PREFIX_HEADER = "MiniBrowser/MiniBrowser-Prefix.pch";
				GCC_VERSION = com.apple.compilers.llvm.clang.1_0;
				INFOPLIST_FILE = "MiniBrowser/MiniBrowserOriginal-Info.plist";
				IPHONEOS_DEPLOYMENT_TARGET = 3.1;
				PRODUCT_NAME = MiniBrowserOriginal;
				PROVISIONING_PROFILE = "";
				VALID_ARCHS = "armv6 armv7";
				WRAPPER_EXTENSION = app;
			};
			name = "Distibution for testing";
		};
		266D67C8143CCE8E0025F929 /* Debug */ = {
			isa = XCBuildConfiguration;
			buildSettings = {
				ALWAYS_SEARCH_USER_PATHS = NO;
				ARCHS = "$(ARCHS_STANDARD_32_BIT)";
				CODE_SIGN_IDENTITY = "iPhone Developer";
				"CODE_SIGN_IDENTITY[sdk=iphoneos*]" = "iPhone Developer";
				COPY_PHASE_STRIP = NO;
				GCC_C_LANGUAGE_STANDARD = gnu99;
				GCC_DYNAMIC_NO_PIC = NO;
				GCC_OPTIMIZATION_LEVEL = 0;
				GCC_PREPROCESSOR_DEFINITIONS = (
					"DEBUG=1",
					"$(inherited)",
				);
				GCC_SYMBOLS_PRIVATE_EXTERN = NO;
				GCC_VERSION = "";
				GCC_WARN_ABOUT_MISSING_PROTOTYPES = YES;
				GCC_WARN_ABOUT_RETURN_TYPE = YES;
				GCC_WARN_UNUSED_VARIABLE = YES;
				IPHONEOS_DEPLOYMENT_TARGET = 5.0;
				OTHER_LDFLAGS = "";
				PROVISIONING_PROFILE = "";
				"PROVISIONING_PROFILE[sdk=iphoneos*]" = "";
				SDKROOT = iphoneos;
				TARGETED_DEVICE_FAMILY = "1,2";
				VALID_ARCHS = "armv6 armv7";
			};
			name = Debug;
		};
		266D67C9143CCE8E0025F929 /* Release */ = {
			isa = XCBuildConfiguration;
			buildSettings = {
				ALWAYS_SEARCH_USER_PATHS = NO;
				ARCHS = "$(ARCHS_STANDARD_32_BIT)";
				CODE_SIGN_IDENTITY = "iPhone Developer";
				"CODE_SIGN_IDENTITY[sdk=iphoneos*]" = "iPhone Developer";
				COPY_PHASE_STRIP = YES;
				GCC_C_LANGUAGE_STANDARD = gnu99;
				GCC_VERSION = "";
				GCC_WARN_ABOUT_MISSING_PROTOTYPES = YES;
				GCC_WARN_ABOUT_RETURN_TYPE = YES;
				GCC_WARN_UNUSED_VARIABLE = YES;
				IPHONEOS_DEPLOYMENT_TARGET = 5.0;
				OTHER_CFLAGS = "-DNS_BLOCK_ASSERTIONS=1";
				OTHER_LDFLAGS = "";
				PROVISIONING_PROFILE = "";
				"PROVISIONING_PROFILE[sdk=iphoneos*]" = "";
				SDKROOT = iphoneos;
				TARGETED_DEVICE_FAMILY = "1,2";
				VALIDATE_PRODUCT = YES;
				VALID_ARCHS = "armv6 armv7";
			};
			name = Release;
		};
		266D67CB143CCE8E0025F929 /* Debug */ = {
			isa = XCBuildConfiguration;
			buildSettings = {
				GCC_PRECOMPILE_PREFIX_HEADER = YES;
				GCC_PREFIX_HEADER = "MiniBrowser/MiniBrowser-Prefix.pch";
				GCC_VERSION = com.apple.compilers.llvm.clang.1_0;
				INFOPLIST_FILE = "MiniBrowser/MiniBrowser-Info.plist";
				PRODUCT_NAME = "$(TARGET_NAME)";
				VALID_ARCHS = "armv6 armv7";
				WRAPPER_EXTENSION = app;
			};
			name = Debug;
		};
		266D67CC143CCE8E0025F929 /* Release */ = {
			isa = XCBuildConfiguration;
			buildSettings = {
				GCC_PRECOMPILE_PREFIX_HEADER = YES;
				GCC_PREFIX_HEADER = "MiniBrowser/MiniBrowser-Prefix.pch";
				GCC_VERSION = com.apple.compilers.llvm.clang.1_0;
				INFOPLIST_FILE = "MiniBrowser/MiniBrowser-Info.plist";
				PRODUCT_NAME = "$(TARGET_NAME)";
				VALID_ARCHS = "armv6 armv7";
				WRAPPER_EXTENSION = app;
			};
			name = Release;
		};
		26C8CFB1145881A400536C9B /* Debug */ = {
			isa = XCBuildConfiguration;
			buildSettings = {
				ARCHS = (
					"$(ARCHS_STANDARD_32_BIT)",
					armv6,
				);
				GCC_PRECOMPILE_PREFIX_HEADER = YES;
				GCC_PREFIX_HEADER = "MiniBrowser/MiniBrowser-Prefix.pch";
				GCC_VERSION = com.apple.compilers.llvm.clang.1_0;
				INFOPLIST_FILE = "MiniBrowser/MiniBrowser3G-Info.plist";
				IPHONEOS_DEPLOYMENT_TARGET = 4.2;
				PRODUCT_NAME = MiniBrowser3G;
				VALID_ARCHS = "armv6 armv7";
				WRAPPER_EXTENSION = app;
			};
			name = Debug;
		};
		26C8CFB2145881A400536C9B /* Release */ = {
			isa = XCBuildConfiguration;
			buildSettings = {
				ARCHS = (
					"$(ARCHS_STANDARD_32_BIT)",
					armv6,
				);
				GCC_PRECOMPILE_PREFIX_HEADER = YES;
				GCC_PREFIX_HEADER = "MiniBrowser/MiniBrowser-Prefix.pch";
				GCC_VERSION = com.apple.compilers.llvm.clang.1_0;
				INFOPLIST_FILE = "MiniBrowser/MiniBrowser3G-Info.plist";
				IPHONEOS_DEPLOYMENT_TARGET = 4.2;
				PRODUCT_NAME = MiniBrowser3G;
				VALID_ARCHS = "armv6 armv7";
				WRAPPER_EXTENSION = app;
			};
			name = Release;
		};
		26C8CFB3145881A400536C9B /* Distibution for testing */ = {
			isa = XCBuildConfiguration;
			buildSettings = {
				ARCHS = (
					"$(ARCHS_STANDARD_32_BIT)",
					armv6,
				);
				CODE_SIGN_IDENTITY = "iPhone Distribution";
				GCC_PRECOMPILE_PREFIX_HEADER = YES;
				GCC_PREFIX_HEADER = "MiniBrowser/MiniBrowser-Prefix.pch";
				GCC_VERSION = com.apple.compilers.llvm.clang.1_0;
				INFOPLIST_FILE = "MiniBrowser/MiniBrowser3G-Info.plist";
				IPHONEOS_DEPLOYMENT_TARGET = 4.2;
				PRODUCT_NAME = MiniBrowser3G;
				PROVISIONING_PROFILE = "";
				VALID_ARCHS = "armv6 armv7";
				WRAPPER_EXTENSION = app;
			};
			name = "Distibution for testing";
		};
		26DB36BA144EC19C001C4CBC /* Debug */ = {
			isa = XCBuildConfiguration;
			buildSettings = {
				FRAMEWORK_SEARCH_PATHS = (
					"$(SDKROOT)/Developer/Library/Frameworks",
					"$(DEVELOPER_LIBRARY_DIR)/Frameworks",
				);
				GCC_PRECOMPILE_PREFIX_HEADER = YES;
				GCC_PREFIX_HEADER = "UnitTests/UnitTests-Prefix.pch";
				GCC_VERSION = com.apple.compilers.llvm.clang.1_0;
				INFOPLIST_FILE = "UnitTests/UnitTests-Info.plist";
				PRODUCT_NAME = "$(TARGET_NAME)";
				VALID_ARCHS = "armv6 armv7";
				WRAPPER_EXTENSION = octest;
			};
			name = Debug;
		};
		26DB36BB144EC19C001C4CBC /* Release */ = {
			isa = XCBuildConfiguration;
			buildSettings = {
				FRAMEWORK_SEARCH_PATHS = (
					"$(SDKROOT)/Developer/Library/Frameworks",
					"$(DEVELOPER_LIBRARY_DIR)/Frameworks",
				);
				GCC_PRECOMPILE_PREFIX_HEADER = YES;
				GCC_PREFIX_HEADER = "UnitTests/UnitTests-Prefix.pch";
				GCC_VERSION = com.apple.compilers.llvm.clang.1_0;
				INFOPLIST_FILE = "UnitTests/UnitTests-Info.plist";
				PRODUCT_NAME = "$(TARGET_NAME)";
				VALID_ARCHS = "armv6 armv7";
				WRAPPER_EXTENSION = octest;
			};
			name = Release;
		};
/* End XCBuildConfiguration section */

/* Begin XCConfigurationList section */
		2643BECB14606FC00018673B /* Build configuration list for PBXNativeTarget "MiniBrowserOriginal" */ = {
			isa = XCConfigurationList;
			buildConfigurations = (
				2643BECC14606FC00018673B /* Debug */,
				2643BECD14606FC00018673B /* Release */,
				2643BECE14606FC00018673B /* Distibution for testing */,
			);
			defaultConfigurationIsVisible = 0;
			defaultConfigurationName = Debug;
		};
		266D679E143CCE8D0025F929 /* Build configuration list for PBXProject "MiniBrowser" */ = {
			isa = XCConfigurationList;
			buildConfigurations = (
				266D67C8143CCE8E0025F929 /* Debug */,
				266D67C9143CCE8E0025F929 /* Release */,
				263157FC145574E5006F6368 /* Distibution for testing */,
			);
			defaultConfigurationIsVisible = 0;
			defaultConfigurationName = Debug;
		};
		266D67CA143CCE8E0025F929 /* Build configuration list for PBXNativeTarget "MiniBrowser" */ = {
			isa = XCConfigurationList;
			buildConfigurations = (
				266D67CB143CCE8E0025F929 /* Debug */,
				266D67CC143CCE8E0025F929 /* Release */,
				263157FD145574E5006F6368 /* Distibution for testing */,
			);
			defaultConfigurationIsVisible = 0;
			defaultConfigurationName = Debug;
		};
		26C8CFB0145881A400536C9B /* Build configuration list for PBXNativeTarget "MiniBrowser3G" */ = {
			isa = XCConfigurationList;
			buildConfigurations = (
				26C8CFB1145881A400536C9B /* Debug */,
				26C8CFB2145881A400536C9B /* Release */,
				26C8CFB3145881A400536C9B /* Distibution for testing */,
			);
			defaultConfigurationIsVisible = 0;
			defaultConfigurationName = Debug;
		};
		26DB36B9144EC19C001C4CBC /* Build configuration list for PBXNativeTarget "UnitTests" */ = {
			isa = XCConfigurationList;
			buildConfigurations = (
				26DB36BA144EC19C001C4CBC /* Debug */,
				26DB36BB144EC19C001C4CBC /* Release */,
				263157FE145574E5006F6368 /* Distibution for testing */,
			);
			defaultConfigurationIsVisible = 0;
			defaultConfigurationName = Debug;
		};
/* End XCConfigurationList section */
	};
	rootObject = 266D679B143CCE8D0025F929 /* Project object */;
}
