// !$*UTF8*$!
{
	archiveVersion = 1;
	classes = {
	};
	objectVersion = 46;
	objects = {

/* Begin PBXBuildFile section */
		260D68B01441B6C700093012 /* plus.png in Resources */ = {isa = PBXBuildFile; fileRef = 260D68AF1441B6C700093012 /* plus.png */; };
		260D68B71442044400093012 /* SearchEngine.m in Sources */ = {isa = PBXBuildFile; fileRef = 260D68B61442044400093012 /* SearchEngine.m */; };
		260D68BA1442045F00093012 /* SearchEngineGoogle.m in Sources */ = {isa = PBXBuildFile; fileRef = 260D68B91442045F00093012 /* SearchEngineGoogle.m */; };
		260D68BD1442050200093012 /* SettingsController.m in Sources */ = {isa = PBXBuildFile; fileRef = 260D68BC1442050200093012 /* SettingsController.m */; };
		260E1F55143CD4730098D141 /* iPhoneBrowserView.xib in Resources */ = {isa = PBXBuildFile; fileRef = 260E1F54143CD4730098D141 /* iPhoneBrowserView.xib */; };
		260E1F58143CD4A90098D141 /* iPadBrowserView.xib in Resources */ = {isa = PBXBuildFile; fileRef = 260E1F57143CD4A90098D141 /* iPadBrowserView.xib */; };
		26102EDC1444660000667B0C /* BookmarkTreePermanent.plist in Resources */ = {isa = PBXBuildFile; fileRef = 26102EDB1444660000667B0C /* BookmarkTreePermanent.plist */; };
		265CCEC1143D85B9005F348A /* arrowBackGray.png in Resources */ = {isa = PBXBuildFile; fileRef = 265CCEBA143D85B9005F348A /* arrowBackGray.png */; };
		265CCEC2143D85B9005F348A /* arrowBackLight.png in Resources */ = {isa = PBXBuildFile; fileRef = 265CCEBB143D85B9005F348A /* arrowBackLight.png */; };
		265CCEC3143D85B9005F348A /* arrowForwardGray.png in Resources */ = {isa = PBXBuildFile; fileRef = 265CCEBC143D85B9005F348A /* arrowForwardGray.png */; };
		265CCEC4143D85B9005F348A /* arrowForwardLight.png in Resources */ = {isa = PBXBuildFile; fileRef = 265CCEBD143D85B9005F348A /* arrowForwardLight.png */; };
		265CCEC5143D85B9005F348A /* clock.png in Resources */ = {isa = PBXBuildFile; fileRef = 265CCEBE143D85B9005F348A /* clock.png */; };
		265CCEC6143D85B9005F348A /* heart.png in Resources */ = {isa = PBXBuildFile; fileRef = 265CCEBF143D85B9005F348A /* heart.png */; };
		265CCEC7143D85B9005F348A /* preferences.png in Resources */ = {isa = PBXBuildFile; fileRef = 265CCEC0143D85B9005F348A /* preferences.png */; };
		266C914914440DAD00444BAC /* BookmarksTableViewController.m in Sources */ = {isa = PBXBuildFile; fileRef = 266C914814440DAD00444BAC /* BookmarksTableViewController.m */; };
		266C914D1444115200444BAC /* BookmarksStorage.m in Sources */ = {isa = PBXBuildFile; fileRef = 266C914C1444115200444BAC /* BookmarksStorage.m */; };
		266C91511444171200444BAC /* BookmarkItem.m in Sources */ = {isa = PBXBuildFile; fileRef = 266C91501444171200444BAC /* BookmarkItem.m */; };
		266D67A9143CCE8D0025F929 /* UIKit.framework in Frameworks */ = {isa = PBXBuildFile; fileRef = 266D67A8143CCE8D0025F929 /* UIKit.framework */; };
		266D67AB143CCE8D0025F929 /* Foundation.framework in Frameworks */ = {isa = PBXBuildFile; fileRef = 266D67AA143CCE8D0025F929 /* Foundation.framework */; };
		266D67AD143CCE8D0025F929 /* CoreGraphics.framework in Frameworks */ = {isa = PBXBuildFile; fileRef = 266D67AC143CCE8D0025F929 /* CoreGraphics.framework */; };
		266D67B3143CCE8D0025F929 /* InfoPlist.strings in Resources */ = {isa = PBXBuildFile; fileRef = 266D67B1143CCE8D0025F929 /* InfoPlist.strings */; };
		266D67B5143CCE8D0025F929 /* main.m in Sources */ = {isa = PBXBuildFile; fileRef = 266D67B4143CCE8D0025F929 /* main.m */; };
		266D67B9143CCE8D0025F929 /* MiniBrowserAppDelegate.m in Sources */ = {isa = PBXBuildFile; fileRef = 266D67B8143CCE8D0025F929 /* MiniBrowserAppDelegate.m */; };
		266D67BD143CCE8D0025F929 /* MiniBrowserAppDelegate_iPhone.m in Sources */ = {isa = PBXBuildFile; fileRef = 266D67BC143CCE8D0025F929 /* MiniBrowserAppDelegate_iPhone.m */; };
		266D67C0143CCE8D0025F929 /* MainWindow_iPhone.xib in Resources */ = {isa = PBXBuildFile; fileRef = 266D67BE143CCE8D0025F929 /* MainWindow_iPhone.xib */; };
		266D67C4143CCE8D0025F929 /* MiniBrowserAppDelegate_iPad.m in Sources */ = {isa = PBXBuildFile; fileRef = 266D67C3143CCE8D0025F929 /* MiniBrowserAppDelegate_iPad.m */; };
		266D67C7143CCE8E0025F929 /* MainWindow_iPad.xib in Resources */ = {isa = PBXBuildFile; fileRef = 266D67C5143CCE8E0025F929 /* MainWindow_iPad.xib */; };
		266D67CF143CCF720025F929 /* BrowserController.m in Sources */ = {isa = PBXBuildFile; fileRef = 266D67CE143CCF720025F929 /* BrowserController.m */; };
		26AF9D4B144EF31900CBBF20 /* BookmarksStorage.m in Sources */ = {isa = PBXBuildFile; fileRef = 266C914C1444115200444BAC /* BookmarksStorage.m */; };
		26AF9D4C144EF35900CBBF20 /* BookmarkItem.m in Sources */ = {isa = PBXBuildFile; fileRef = 266C91501444171200444BAC /* BookmarkItem.m */; };
		26AF9D4D144EF9F100CBBF20 /* BookmarkTreePermanent.plist in Resources */ = {isa = PBXBuildFile; fileRef = 26AF9D48144EF22500CBBF20 /* BookmarkTreePermanent.plist */; };
		26B578D5144429FB004657E2 /* BookmarkSaveTableViewController.m in Sources */ = {isa = PBXBuildFile; fileRef = 26B578D4144429FB004657E2 /* BookmarkSaveTableViewController.m */; };
		26B578D914443290004657E2 /* BookmarkSaveModel.m in Sources */ = {isa = PBXBuildFile; fileRef = 26B578D814443290004657E2 /* BookmarkSaveModel.m */; };
		26B578DC1444376E004657E2 /* BookmarkSaveTable.plist in Resources */ = {isa = PBXBuildFile; fileRef = 26B578DB1444376E004657E2 /* BookmarkSaveTable.plist */; };
		26C083B21448238E0056B37A /* BookmarkFolderTableViewController.m in Sources */ = {isa = PBXBuildFile; fileRef = 26C083B11448238E0056B37A /* BookmarkFolderTableViewController.m */; };
		26C202E21451711600323E79 /* NSDate+Between.m in Sources */ = {isa = PBXBuildFile; fileRef = 26C202E11451711600323E79 /* NSDate+Between.m */; };
		26DB365B144EB3D6001C4CBC /* action.png in Resources */ = {isa = PBXBuildFile; fileRef = 26DB365A144EB3D6001C4CBC /* action.png */; };
		26DB36AA144EC19C001C4CBC /* SenTestingKit.framework in Frameworks */ = {isa = PBXBuildFile; fileRef = 26DB36A9144EC19C001C4CBC /* SenTestingKit.framework */; };
		26DB36AB144EC19C001C4CBC /* UIKit.framework in Frameworks */ = {isa = PBXBuildFile; fileRef = 266D67A8143CCE8D0025F929 /* UIKit.framework */; };
		26DB36AC144EC19C001C4CBC /* Foundation.framework in Frameworks */ = {isa = PBXBuildFile; fileRef = 266D67AA143CCE8D0025F929 /* Foundation.framework */; };
		26DB36AD144EC19C001C4CBC /* CoreGraphics.framework in Frameworks */ = {isa = PBXBuildFile; fileRef = 266D67AC143CCE8D0025F929 /* CoreGraphics.framework */; };
		26DB36B3144EC19C001C4CBC /* InfoPlist.strings in Resources */ = {isa = PBXBuildFile; fileRef = 26DB36B1144EC19C001C4CBC /* InfoPlist.strings */; };
		26DB36B5144EC19C001C4CBC /* UnitTests.h in Resources */ = {isa = PBXBuildFile; fileRef = 26DB36B4144EC19C001C4CBC /* UnitTests.h */; };
		26DB36B7144EC19C001C4CBC /* UnitTests.m in Sources */ = {isa = PBXBuildFile; fileRef = 26DB36B6144EC19C001C4CBC /* UnitTests.m */; };
		26FE56BD1443269D001622F2 /* Bookmark-iPad.png in Resources */ = {isa = PBXBuildFile; fileRef = 26FE56BC1443269D001622F2 /* Bookmark-iPad.png */; };
		26FE56BF144326FB001622F2 /* Bookmark-iPhone.png in Resources */ = {isa = PBXBuildFile; fileRef = 26FE56BE144326FB001622F2 /* Bookmark-iPhone.png */; };
		26FE56C614432A7A001622F2 /* SearchEngineYahoo.m in Sources */ = {isa = PBXBuildFile; fileRef = 26FE56C514432A7A001622F2 /* SearchEngineYahoo.m */; };
/* End PBXBuildFile section */

/* Begin PBXContainerItemProxy section */
		26DB36BE144EC1E2001C4CBC /* PBXContainerItemProxy */ = {
			isa = PBXContainerItemProxy;
			containerPortal = 266D679B143CCE8D0025F929 /* Project object */;
			proxyType = 1;
			remoteGlobalIDString = 26DB36A7144EC19C001C4CBC;
			remoteInfo = UnitTests;
		};
/* End PBXContainerItemProxy section */

/* Begin PBXFileReference section */
		260D68AF1441B6C700093012 /* plus.png */ = {isa = PBXFileReference; lastKnownFileType = image.png; path = plus.png; sourceTree = "<group>"; };
		260D68B51442044400093012 /* SearchEngine.h */ = {isa = PBXFileReference; fileEncoding = 4; lastKnownFileType = sourcecode.c.h; path = SearchEngine.h; sourceTree = "<group>"; };
		260D68B61442044400093012 /* SearchEngine.m */ = {isa = PBXFileReference; fileEncoding = 4; lastKnownFileType = sourcecode.c.objc; path = SearchEngine.m; sourceTree = "<group>"; };
		260D68B81442045F00093012 /* SearchEngineGoogle.h */ = {isa = PBXFileReference; fileEncoding = 4; lastKnownFileType = sourcecode.c.h; path = SearchEngineGoogle.h; sourceTree = "<group>"; };
		260D68B91442045F00093012 /* SearchEngineGoogle.m */ = {isa = PBXFileReference; fileEncoding = 4; lastKnownFileType = sourcecode.c.objc; path = SearchEngineGoogle.m; sourceTree = "<group>"; };
		260D68BB1442050200093012 /* SettingsController.h */ = {isa = PBXFileReference; fileEncoding = 4; lastKnownFileType = sourcecode.c.h; path = SettingsController.h; sourceTree = "<group>"; };
		260D68BC1442050200093012 /* SettingsController.m */ = {isa = PBXFileReference; fileEncoding = 4; lastKnownFileType = sourcecode.c.objc; path = SettingsController.m; sourceTree = "<group>"; };
		260D68BE144205AB00093012 /* SettingsControllerProtocol.h */ = {isa = PBXFileReference; fileEncoding = 4; lastKnownFileType = sourcecode.c.h; path = SettingsControllerProtocol.h; sourceTree = "<group>"; };
		260D68BF1442070B00093012 /* SearchEngineProtocol.h */ = {isa = PBXFileReference; fileEncoding = 4; lastKnownFileType = sourcecode.c.h; path = SearchEngineProtocol.h; sourceTree = "<group>"; };
		260E1F54143CD4730098D141 /* iPhoneBrowserView.xib */ = {isa = PBXFileReference; fileEncoding = 4; lastKnownFileType = file.xib; path = iPhoneBrowserView.xib; sourceTree = "<group>"; };
		260E1F57143CD4A90098D141 /* iPadBrowserView.xib */ = {isa = PBXFileReference; fileEncoding = 4; lastKnownFileType = file.xib; path = iPadBrowserView.xib; sourceTree = "<group>"; };
		26102EDB1444660000667B0C /* BookmarkTreePermanent.plist */ = {isa = PBXFileReference; fileEncoding = 4; lastKnownFileType = text.plist.xml; path = BookmarkTreePermanent.plist; sourceTree = "<group>"; };
		265CCEBA143D85B9005F348A /* arrowBackGray.png */ = {isa = PBXFileReference; lastKnownFileType = image.png; path = arrowBackGray.png; sourceTree = "<group>"; };
		265CCEBB143D85B9005F348A /* arrowBackLight.png */ = {isa = PBXFileReference; lastKnownFileType = image.png; path = arrowBackLight.png; sourceTree = "<group>"; };
		265CCEBC143D85B9005F348A /* arrowForwardGray.png */ = {isa = PBXFileReference; lastKnownFileType = image.png; path = arrowForwardGray.png; sourceTree = "<group>"; };
		265CCEBD143D85B9005F348A /* arrowForwardLight.png */ = {isa = PBXFileReference; lastKnownFileType = image.png; path = arrowForwardLight.png; sourceTree = "<group>"; };
		265CCEBE143D85B9005F348A /* clock.png */ = {isa = PBXFileReference; lastKnownFileType = image.png; path = clock.png; sourceTree = "<group>"; };
		265CCEBF143D85B9005F348A /* heart.png */ = {isa = PBXFileReference; lastKnownFileType = image.png; path = heart.png; sourceTree = "<group>"; };
		265CCEC0143D85B9005F348A /* preferences.png */ = {isa = PBXFileReference; lastKnownFileType = image.png; path = preferences.png; sourceTree = "<group>"; };
		266102DC1445A2F0000730FA /* BrowserControllerProtocol.h */ = {isa = PBXFileReference; fileEncoding = 4; lastKnownFileType = sourcecode.c.h; path = BrowserControllerProtocol.h; sourceTree = "<group>"; };
		266C914714440DAD00444BAC /* BookmarksTableViewController.h */ = {isa = PBXFileReference; fileEncoding = 4; lastKnownFileType = sourcecode.c.h; path = BookmarksTableViewController.h; sourceTree = "<group>"; };
		266C914814440DAD00444BAC /* BookmarksTableViewController.m */ = {isa = PBXFileReference; fileEncoding = 4; lastKnownFileType = sourcecode.c.objc; path = BookmarksTableViewController.m; sourceTree = "<group>"; };
		266C914B1444115200444BAC /* BookmarksStorage.h */ = {isa = PBXFileReference; fileEncoding = 4; lastKnownFileType = sourcecode.c.h; path = BookmarksStorage.h; sourceTree = "<group>"; };
		266C914C1444115200444BAC /* BookmarksStorage.m */ = {isa = PBXFileReference; fileEncoding = 4; lastKnownFileType = sourcecode.c.objc; path = BookmarksStorage.m; sourceTree = "<group>"; };
		266C914E144411B000444BAC /* BookmarksStorageProtocol.h */ = {isa = PBXFileReference; fileEncoding = 4; lastKnownFileType = sourcecode.c.h; path = BookmarksStorageProtocol.h; sourceTree = "<group>"; };
		266C914F1444171200444BAC /* BookmarkItem.h */ = {isa = PBXFileReference; fileEncoding = 4; lastKnownFileType = sourcecode.c.h; path = BookmarkItem.h; sourceTree = "<group>"; };
		266C91501444171200444BAC /* BookmarkItem.m */ = {isa = PBXFileReference; fileEncoding = 4; lastKnownFileType = sourcecode.c.objc; path = BookmarkItem.m; sourceTree = "<group>"; };
		266D67A4143CCE8D0025F929 /* MiniBrowser.app */ = {isa = PBXFileReference; explicitFileType = wrapper.application; includeInIndex = 0; path = MiniBrowser.app; sourceTree = BUILT_PRODUCTS_DIR; };
		266D67A8143CCE8D0025F929 /* UIKit.framework */ = {isa = PBXFileReference; lastKnownFileType = wrapper.framework; name = UIKit.framework; path = System/Library/Frameworks/UIKit.framework; sourceTree = SDKROOT; };
		266D67AA143CCE8D0025F929 /* Foundation.framework */ = {isa = PBXFileReference; lastKnownFileType = wrapper.framework; name = Foundation.framework; path = System/Library/Frameworks/Foundation.framework; sourceTree = SDKROOT; };
		266D67AC143CCE8D0025F929 /* CoreGraphics.framework */ = {isa = PBXFileReference; lastKnownFileType = wrapper.framework; name = CoreGraphics.framework; path = System/Library/Frameworks/CoreGraphics.framework; sourceTree = SDKROOT; };
		266D67B0143CCE8D0025F929 /* MiniBrowser-Info.plist */ = {isa = PBXFileReference; lastKnownFileType = text.plist.xml; path = "MiniBrowser-Info.plist"; sourceTree = "<group>"; };
		266D67B2143CCE8D0025F929 /* en */ = {isa = PBXFileReference; lastKnownFileType = text.plist.strings; name = en; path = en.lproj/InfoPlist.strings; sourceTree = "<group>"; };
		266D67B4143CCE8D0025F929 /* main.m */ = {isa = PBXFileReference; lastKnownFileType = sourcecode.c.objc; path = main.m; sourceTree = "<group>"; };
		266D67B6143CCE8D0025F929 /* MiniBrowser-Prefix.pch */ = {isa = PBXFileReference; lastKnownFileType = sourcecode.c.h; path = "MiniBrowser-Prefix.pch"; sourceTree = "<group>"; };
		266D67B7143CCE8D0025F929 /* MiniBrowserAppDelegate.h */ = {isa = PBXFileReference; lastKnownFileType = sourcecode.c.h; path = MiniBrowserAppDelegate.h; sourceTree = "<group>"; };
		266D67B8143CCE8D0025F929 /* MiniBrowserAppDelegate.m */ = {isa = PBXFileReference; lastKnownFileType = sourcecode.c.objc; path = MiniBrowserAppDelegate.m; sourceTree = "<group>"; };
		266D67BB143CCE8D0025F929 /* MiniBrowserAppDelegate_iPhone.h */ = {isa = PBXFileReference; lastKnownFileType = sourcecode.c.h; name = MiniBrowserAppDelegate_iPhone.h; path = iPhone/MiniBrowserAppDelegate_iPhone.h; sourceTree = "<group>"; };
		266D67BC143CCE8D0025F929 /* MiniBrowserAppDelegate_iPhone.m */ = {isa = PBXFileReference; lastKnownFileType = sourcecode.c.objc; name = MiniBrowserAppDelegate_iPhone.m; path = iPhone/MiniBrowserAppDelegate_iPhone.m; sourceTree = "<group>"; };
		266D67BF143CCE8D0025F929 /* en */ = {isa = PBXFileReference; lastKnownFileType = file.xib; name = en; path = iPhone/en.lproj/MainWindow_iPhone.xib; sourceTree = "<group>"; };
		266D67C2143CCE8D0025F929 /* MiniBrowserAppDelegate_iPad.h */ = {isa = PBXFileReference; lastKnownFileType = sourcecode.c.h; name = MiniBrowserAppDelegate_iPad.h; path = iPad/MiniBrowserAppDelegate_iPad.h; sourceTree = "<group>"; };
		266D67C3143CCE8D0025F929 /* MiniBrowserAppDelegate_iPad.m */ = {isa = PBXFileReference; lastKnownFileType = sourcecode.c.objc; name = MiniBrowserAppDelegate_iPad.m; path = iPad/MiniBrowserAppDelegate_iPad.m; sourceTree = "<group>"; };
		266D67C6143CCE8E0025F929 /* en */ = {isa = PBXFileReference; lastKnownFileType = file.xib; name = en; path = iPad/en.lproj/MainWindow_iPad.xib; sourceTree = "<group>"; };
		266D67CD143CCF720025F929 /* BrowserController.h */ = {isa = PBXFileReference; fileEncoding = 4; lastKnownFileType = sourcecode.c.h; path = BrowserController.h; sourceTree = "<group>"; };
		266D67CE143CCF720025F929 /* BrowserController.m */ = {isa = PBXFileReference; fileEncoding = 4; lastKnownFileType = sourcecode.c.objc; path = BrowserController.m; sourceTree = "<group>"; };
		26AF9D48144EF22500CBBF20 /* BookmarkTreePermanent.plist */ = {isa = PBXFileReference; fileEncoding = 4; lastKnownFileType = text.plist.xml; path = BookmarkTreePermanent.plist; sourceTree = "<group>"; };
		26B578D3144429FB004657E2 /* BookmarkSaveTableViewController.h */ = {isa = PBXFileReference; fileEncoding = 4; lastKnownFileType = sourcecode.c.h; path = BookmarkSaveTableViewController.h; sourceTree = "<group>"; };
		26B578D4144429FB004657E2 /* BookmarkSaveTableViewController.m */ = {isa = PBXFileReference; fileEncoding = 4; lastKnownFileType = sourcecode.c.objc; path = BookmarkSaveTableViewController.m; sourceTree = "<group>"; };
		26B578D714443290004657E2 /* BookmarkSaveModel.h */ = {isa = PBXFileReference; fileEncoding = 4; lastKnownFileType = sourcecode.c.h; path = BookmarkSaveModel.h; sourceTree = "<group>"; };
		26B578D814443290004657E2 /* BookmarkSaveModel.m */ = {isa = PBXFileReference; fileEncoding = 4; lastKnownFileType = sourcecode.c.objc; path = BookmarkSaveModel.m; sourceTree = "<group>"; };
		26B578DA144432E6004657E2 /* BookmarkSaveProtocol.h */ = {isa = PBXFileReference; fileEncoding = 4; lastKnownFileType = sourcecode.c.h; path = BookmarkSaveProtocol.h; sourceTree = "<group>"; };
		26B578DB1444376E004657E2 /* BookmarkSaveTable.plist */ = {isa = PBXFileReference; fileEncoding = 4; lastKnownFileType = text.plist.xml; path = BookmarkSaveTable.plist; sourceTree = "<group>"; };
		26C083B01448238E0056B37A /* BookmarkFolderTableViewController.h */ = {isa = PBXFileReference; fileEncoding = 4; lastKnownFileType = sourcecode.c.h; path = BookmarkFolderTableViewController.h; sourceTree = "<group>"; };
		26C083B11448238E0056B37A /* BookmarkFolderTableViewController.m */ = {isa = PBXFileReference; fileEncoding = 4; lastKnownFileType = sourcecode.c.objc; path = BookmarkFolderTableViewController.m; sourceTree = "<group>"; };
		26C083B314483CBB0056B37A /* BookmarkSaveTableViewProtocol.h */ = {isa = PBXFileReference; fileEncoding = 4; lastKnownFileType = sourcecode.c.h; path = BookmarkSaveTableViewProtocol.h; sourceTree = "<group>"; };
		26C202E01451711600323E79 /* NSDate+Between.h */ = {isa = PBXFileReference; fileEncoding = 4; lastKnownFileType = sourcecode.c.h; path = "NSDate+Between.h"; sourceTree = "<group>"; };
		26C202E11451711600323E79 /* NSDate+Between.m */ = {isa = PBXFileReference; fileEncoding = 4; lastKnownFileType = sourcecode.c.objc; path = "NSDate+Between.m"; sourceTree = "<group>"; };
		26DB365A144EB3D6001C4CBC /* action.png */ = {isa = PBXFileReference; lastKnownFileType = image.png; path = action.png; sourceTree = "<group>"; };
		26DB36A8144EC19C001C4CBC /* UnitTests.octest */ = {isa = PBXFileReference; explicitFileType = wrapper.cfbundle; includeInIndex = 0; path = UnitTests.octest; sourceTree = BUILT_PRODUCTS_DIR; };
		26DB36A9144EC19C001C4CBC /* SenTestingKit.framework */ = {isa = PBXFileReference; lastKnownFileType = wrapper.framework; name = SenTestingKit.framework; path = Library/Frameworks/SenTestingKit.framework; sourceTree = DEVELOPER_DIR; };
		26DB36B0144EC19C001C4CBC /* UnitTests-Info.plist */ = {isa = PBXFileReference; lastKnownFileType = text.plist.xml; path = "UnitTests-Info.plist"; sourceTree = "<group>"; };
		26DB36B2144EC19C001C4CBC /* en */ = {isa = PBXFileReference; lastKnownFileType = text.plist.strings; name = en; path = en.lproj/InfoPlist.strings; sourceTree = "<group>"; };
		26DB36B4144EC19C001C4CBC /* UnitTests.h */ = {isa = PBXFileReference; lastKnownFileType = sourcecode.c.h; path = UnitTests.h; sourceTree = "<group>"; };
		26DB36B6144EC19C001C4CBC /* UnitTests.m */ = {isa = PBXFileReference; lastKnownFileType = sourcecode.c.objc; path = UnitTests.m; sourceTree = "<group>"; };
		26DB36B8144EC19C001C4CBC /* UnitTests-Prefix.pch */ = {isa = PBXFileReference; lastKnownFileType = sourcecode.c.h; path = "UnitTests-Prefix.pch"; sourceTree = "<group>"; };
		26FE56BC1443269D001622F2 /* Bookmark-iPad.png */ = {isa = PBXFileReference; lastKnownFileType = image.png; path = "Bookmark-iPad.png"; sourceTree = "<group>"; };
		26FE56BE144326FB001622F2 /* Bookmark-iPhone.png */ = {isa = PBXFileReference; lastKnownFileType = image.png; path = "Bookmark-iPhone.png"; sourceTree = "<group>"; };
		26FE56C414432A7A001622F2 /* SearchEngineYahoo.h */ = {isa = PBXFileReference; fileEncoding = 4; lastKnownFileType = sourcecode.c.h; path = SearchEngineYahoo.h; sourceTree = "<group>"; };
		26FE56C514432A7A001622F2 /* SearchEngineYahoo.m */ = {isa = PBXFileReference; fileEncoding = 4; lastKnownFileType = sourcecode.c.objc; path = SearchEngineYahoo.m; sourceTree = "<group>"; };
/* End PBXFileReference section */

/* Begin PBXFrameworksBuildPhase section */
		266D67A1143CCE8D0025F929 /* Frameworks */ = {
			isa = PBXFrameworksBuildPhase;
			buildActionMask = 2147483647;
			files = (
				266D67A9143CCE8D0025F929 /* UIKit.framework in Frameworks */,
				266D67AB143CCE8D0025F929 /* Foundation.framework in Frameworks */,
				266D67AD143CCE8D0025F929 /* CoreGraphics.framework in Frameworks */,
			);
			runOnlyForDeploymentPostprocessing = 0;
		};
		26DB36A4144EC19C001C4CBC /* Frameworks */ = {
			isa = PBXFrameworksBuildPhase;
			buildActionMask = 2147483647;
			files = (
				26DB36AA144EC19C001C4CBC /* SenTestingKit.framework in Frameworks */,
				26DB36AB144EC19C001C4CBC /* UIKit.framework in Frameworks */,
				26DB36AC144EC19C001C4CBC /* Foundation.framework in Frameworks */,
				26DB36AD144EC19C001C4CBC /* CoreGraphics.framework in Frameworks */,
			);
			runOnlyForDeploymentPostprocessing = 0;
		};
/* End PBXFrameworksBuildPhase section */

/* Begin PBXGroup section */
		265CCEB9143D85B9005F348A /* Resources */ = {
			isa = PBXGroup;
			children = (
				26DB365A144EB3D6001C4CBC /* action.png */,
				265CCEBA143D85B9005F348A /* arrowBackGray.png */,
				265CCEBB143D85B9005F348A /* arrowBackLight.png */,
				265CCEBC143D85B9005F348A /* arrowForwardGray.png */,
				265CCEBD143D85B9005F348A /* arrowForwardLight.png */,
				265CCEBE143D85B9005F348A /* clock.png */,
				265CCEBF143D85B9005F348A /* heart.png */,
				265CCEC0143D85B9005F348A /* preferences.png */,
				260D68AF1441B6C700093012 /* plus.png */,
				26FE56BC1443269D001622F2 /* Bookmark-iPad.png */,
				26FE56BE144326FB001622F2 /* Bookmark-iPhone.png */,
			);
			path = Resources;
			sourceTree = "<group>";
		};
		266D6799143CCE8D0025F929 = {
			isa = PBXGroup;
			children = (
				266D67AE143CCE8D0025F929 /* MiniBrowser */,
				26DB36AE144EC19C001C4CBC /* UnitTests */,
				266D67A7143CCE8D0025F929 /* Frameworks */,
				266D67A5143CCE8D0025F929 /* Products */,
			);
			sourceTree = "<group>";
		};
		266D67A5143CCE8D0025F929 /* Products */ = {
			isa = PBXGroup;
			children = (
				266D67A4143CCE8D0025F929 /* MiniBrowser.app */,
				26DB36A8144EC19C001C4CBC /* UnitTests.octest */,
			);
			name = Products;
			sourceTree = "<group>";
		};
		266D67A7143CCE8D0025F929 /* Frameworks */ = {
			isa = PBXGroup;
			children = (
				266D67A8143CCE8D0025F929 /* UIKit.framework */,
				266D67AA143CCE8D0025F929 /* Foundation.framework */,
				266D67AC143CCE8D0025F929 /* CoreGraphics.framework */,
				26DB36A9144EC19C001C4CBC /* SenTestingKit.framework */,
			);
			name = Frameworks;
			sourceTree = "<group>";
		};
		266D67AE143CCE8D0025F929 /* MiniBrowser */ = {
			isa = PBXGroup;
			children = (
				266D67B7143CCE8D0025F929 /* MiniBrowserAppDelegate.h */,
				266D67B8143CCE8D0025F929 /* MiniBrowserAppDelegate.m */,
				266D67BA143CCE8D0025F929 /* iPhone */,
				266D67C1143CCE8D0025F929 /* iPad */,
				266102DC1445A2F0000730FA /* BrowserControllerProtocol.h */,
				266D67CD143CCF720025F929 /* BrowserController.h */,
				266D67CE143CCF720025F929 /* BrowserController.m */,
				26C083AF144820D70056B37A /* Bookmark */,
				26C083AE144820C50056B37A /* Settings */,
				26C083AD1448209F0056B37A /* Search Engine */,
				265CCEB9143D85B9005F348A /* Resources */,
				266D67AF143CCE8D0025F929 /* Supporting Files */,
				26C202E01451711600323E79 /* NSDate+Between.h */,
				26C202E11451711600323E79 /* NSDate+Between.m */,
			);
			path = MiniBrowser;
			sourceTree = "<group>";
		};
		266D67AF143CCE8D0025F929 /* Supporting Files */ = {
			isa = PBXGroup;
			children = (
				266D67B0143CCE8D0025F929 /* MiniBrowser-Info.plist */,
				266D67B1143CCE8D0025F929 /* InfoPlist.strings */,
				266D67B4143CCE8D0025F929 /* main.m */,
				266D67B6143CCE8D0025F929 /* MiniBrowser-Prefix.pch */,
			);
			name = "Supporting Files";
			sourceTree = "<group>";
		};
		266D67BA143CCE8D0025F929 /* iPhone */ = {
			isa = PBXGroup;
			children = (
				266D67BB143CCE8D0025F929 /* MiniBrowserAppDelegate_iPhone.h */,
				266D67BC143CCE8D0025F929 /* MiniBrowserAppDelegate_iPhone.m */,
				266D67BE143CCE8D0025F929 /* MainWindow_iPhone.xib */,
				260E1F54143CD4730098D141 /* iPhoneBrowserView.xib */,
			);
			name = iPhone;
			sourceTree = "<group>";
		};
		266D67C1143CCE8D0025F929 /* iPad */ = {
			isa = PBXGroup;
			children = (
				266D67C2143CCE8D0025F929 /* MiniBrowserAppDelegate_iPad.h */,
				266D67C3143CCE8D0025F929 /* MiniBrowserAppDelegate_iPad.m */,
				266D67C5143CCE8E0025F929 /* MainWindow_iPad.xib */,
				260E1F57143CD4A90098D141 /* iPadBrowserView.xib */,
			);
			name = iPad;
			sourceTree = "<group>";
		};
		26C083AD1448209F0056B37A /* Search Engine */ = {
			isa = PBXGroup;
			children = (
				260D68BF1442070B00093012 /* SearchEngineProtocol.h */,
				260D68B51442044400093012 /* SearchEngine.h */,
				260D68B61442044400093012 /* SearchEngine.m */,
				260D68B81442045F00093012 /* SearchEngineGoogle.h */,
				260D68B91442045F00093012 /* SearchEngineGoogle.m */,
				26FE56C414432A7A001622F2 /* SearchEngineYahoo.h */,
				26FE56C514432A7A001622F2 /* SearchEngineYahoo.m */,
			);
			name = "Search Engine";
			sourceTree = "<group>";
		};
		26C083AE144820C50056B37A /* Settings */ = {
			isa = PBXGroup;
			children = (
				260D68BE144205AB00093012 /* SettingsControllerProtocol.h */,
				260D68BB1442050200093012 /* SettingsController.h */,
				260D68BC1442050200093012 /* SettingsController.m */,
			);
			name = Settings;
			sourceTree = "<group>";
		};
		26C083AF144820D70056B37A /* Bookmark */ = {
			isa = PBXGroup;
			children = (
				26C083B01448238E0056B37A /* BookmarkFolderTableViewController.h */,
				26C083B11448238E0056B37A /* BookmarkFolderTableViewController.m */,
				26C083B314483CBB0056B37A /* BookmarkSaveTableViewProtocol.h */,
				26B578D3144429FB004657E2 /* BookmarkSaveTableViewController.h */,
				26B578D4144429FB004657E2 /* BookmarkSaveTableViewController.m */,
				26B578DA144432E6004657E2 /* BookmarkSaveProtocol.h */,
				26B578D714443290004657E2 /* BookmarkSaveModel.h */,
				26B578D814443290004657E2 /* BookmarkSaveModel.m */,
				26B578DB1444376E004657E2 /* BookmarkSaveTable.plist */,
				266C914714440DAD00444BAC /* BookmarksTableViewController.h */,
				266C914814440DAD00444BAC /* BookmarksTableViewController.m */,
				266C914E144411B000444BAC /* BookmarksStorageProtocol.h */,
				266C914B1444115200444BAC /* BookmarksStorage.h */,
				266C914C1444115200444BAC /* BookmarksStorage.m */,
				26102EDB1444660000667B0C /* BookmarkTreePermanent.plist */,
				266C914F1444171200444BAC /* BookmarkItem.h */,
				266C91501444171200444BAC /* BookmarkItem.m */,
			);
			name = Bookmark;
			sourceTree = "<group>";
		};
		26DB36AE144EC19C001C4CBC /* UnitTests */ = {
			isa = PBXGroup;
			children = (
				26DB36B4144EC19C001C4CBC /* UnitTests.h */,
				26DB36B6144EC19C001C4CBC /* UnitTests.m */,
				26AF9D48144EF22500CBBF20 /* BookmarkTreePermanent.plist */,
				26DB36AF144EC19C001C4CBC /* Supporting Files */,
			);
			path = UnitTests;
			sourceTree = "<group>";
		};
		26DB36AF144EC19C001C4CBC /* Supporting Files */ = {
			isa = PBXGroup;
			children = (
				26DB36B0144EC19C001C4CBC /* UnitTests-Info.plist */,
				26DB36B1144EC19C001C4CBC /* InfoPlist.strings */,
				26DB36B8144EC19C001C4CBC /* UnitTests-Prefix.pch */,
			);
			name = "Supporting Files";
			sourceTree = "<group>";
		};
/* End PBXGroup section */

/* Begin PBXNativeTarget section */
		266D67A3143CCE8D0025F929 /* MiniBrowser */ = {
			isa = PBXNativeTarget;
			buildConfigurationList = 266D67CA143CCE8E0025F929 /* Build configuration list for PBXNativeTarget "MiniBrowser" */;
			buildPhases = (
				266D67A0143CCE8D0025F929 /* Sources */,
				266D67A1143CCE8D0025F929 /* Frameworks */,
				266D67A2143CCE8D0025F929 /* Resources */,
			);
			buildRules = (
			);
			dependencies = (
				26DB36BF144EC1E2001C4CBC /* PBXTargetDependency */,
			);
			name = MiniBrowser;
			productName = MiniBrowser;
			productReference = 266D67A4143CCE8D0025F929 /* MiniBrowser.app */;
			productType = "com.apple.product-type.application";
		};
		26DB36A7144EC19C001C4CBC /* UnitTests */ = {
			isa = PBXNativeTarget;
			buildConfigurationList = 26DB36B9144EC19C001C4CBC /* Build configuration list for PBXNativeTarget "UnitTests" */;
			buildPhases = (
				26DB36A3144EC19C001C4CBC /* Sources */,
				26DB36A4144EC19C001C4CBC /* Frameworks */,
				26DB36A5144EC19C001C4CBC /* Resources */,
				26DB36A6144EC19C001C4CBC /* ShellScript */,
			);
			buildRules = (
			);
			dependencies = (
			);
			name = UnitTests;
			productName = UnitTests;
			productReference = 26DB36A8144EC19C001C4CBC /* UnitTests.octest */;
			productType = "com.apple.product-type.bundle";
		};
/* End PBXNativeTarget section */

/* Begin PBXProject section */
		266D679B143CCE8D0025F929 /* Project object */ = {
			isa = PBXProject;
			attributes = {
				LastUpgradeCheck = 0420;
				ORGANIZATIONNAME = Alma;
			};
			buildConfigurationList = 266D679E143CCE8D0025F929 /* Build configuration list for PBXProject "MiniBrowser" */;
			compatibilityVersion = "Xcode 3.2";
			developmentRegion = English;
			hasScannedForEncodings = 0;
			knownRegions = (
				en,
			);
			mainGroup = 266D6799143CCE8D0025F929;
			productRefGroup = 266D67A5143CCE8D0025F929 /* Products */;
			projectDirPath = "";
			projectRoot = "";
			targets = (
				266D67A3143CCE8D0025F929 /* MiniBrowser */,
				26DB36A7144EC19C001C4CBC /* UnitTests */,
			);
		};
/* End PBXProject section */

/* Begin PBXResourcesBuildPhase section */
		266D67A2143CCE8D0025F929 /* Resources */ = {
			isa = PBXResourcesBuildPhase;
			buildActionMask = 2147483647;
			files = (
				266D67B3143CCE8D0025F929 /* InfoPlist.strings in Resources */,
				266D67C0143CCE8D0025F929 /* MainWindow_iPhone.xib in Resources */,
				266D67C7143CCE8E0025F929 /* MainWindow_iPad.xib in Resources */,
				260E1F55143CD4730098D141 /* iPhoneBrowserView.xib in Resources */,
				260E1F58143CD4A90098D141 /* iPadBrowserView.xib in Resources */,
				265CCEC1143D85B9005F348A /* arrowBackGray.png in Resources */,
				265CCEC2143D85B9005F348A /* arrowBackLight.png in Resources */,
				265CCEC3143D85B9005F348A /* arrowForwardGray.png in Resources */,
				265CCEC4143D85B9005F348A /* arrowForwardLight.png in Resources */,
				265CCEC5143D85B9005F348A /* clock.png in Resources */,
				265CCEC6143D85B9005F348A /* heart.png in Resources */,
				265CCEC7143D85B9005F348A /* preferences.png in Resources */,
				260D68B01441B6C700093012 /* plus.png in Resources */,
				26FE56BD1443269D001622F2 /* Bookmark-iPad.png in Resources */,
				26FE56BF144326FB001622F2 /* Bookmark-iPhone.png in Resources */,
				26B578DC1444376E004657E2 /* BookmarkSaveTable.plist in Resources */,
				26102EDC1444660000667B0C /* BookmarkTreePermanent.plist in Resources */,
				26DB365B144EB3D6001C4CBC /* action.png in Resources */,
			);
			runOnlyForDeploymentPostprocessing = 0;
		};
		26DB36A5144EC19C001C4CBC /* Resources */ = {
			isa = PBXResourcesBuildPhase;
			buildActionMask = 2147483647;
			files = (
				26AF9D4D144EF9F100CBBF20 /* BookmarkTreePermanent.plist in Resources */,
				26DB36B3144EC19C001C4CBC /* InfoPlist.strings in Resources */,
				26DB36B5144EC19C001C4CBC /* UnitTests.h in Resources */,
			);
			runOnlyForDeploymentPostprocessing = 0;
		};
/* End PBXResourcesBuildPhase section */

/* Begin PBXShellScriptBuildPhase section */
		26DB36A6144EC19C001C4CBC /* ShellScript */ = {
			isa = PBXShellScriptBuildPhase;
			buildActionMask = 2147483647;
			files = (
			);
			inputPaths = (
			);
			outputPaths = (
			);
			runOnlyForDeploymentPostprocessing = 0;
			shellPath = /bin/sh;
			shellScript = "# Run the unit tests in this test bundle.\n\"${SYSTEM_DEVELOPER_DIR}/Tools/RunUnitTests\"\n";
		};
/* End PBXShellScriptBuildPhase section */

/* Begin PBXSourcesBuildPhase section */
		266D67A0143CCE8D0025F929 /* Sources */ = {
			isa = PBXSourcesBuildPhase;
			buildActionMask = 2147483647;
			files = (
				266D67B5143CCE8D0025F929 /* main.m in Sources */,
				266D67B9143CCE8D0025F929 /* MiniBrowserAppDelegate.m in Sources */,
				266D67BD143CCE8D0025F929 /* MiniBrowserAppDelegate_iPhone.m in Sources */,
				266D67C4143CCE8D0025F929 /* MiniBrowserAppDelegate_iPad.m in Sources */,
				266D67CF143CCF720025F929 /* BrowserController.m in Sources */,
				260D68B71442044400093012 /* SearchEngine.m in Sources */,
				260D68BA1442045F00093012 /* SearchEngineGoogle.m in Sources */,
				260D68BD1442050200093012 /* SettingsController.m in Sources */,
				26FE56C614432A7A001622F2 /* SearchEngineYahoo.m in Sources */,
				266C914914440DAD00444BAC /* BookmarksTableViewController.m in Sources */,
				266C914D1444115200444BAC /* BookmarksStorage.m in Sources */,
				266C91511444171200444BAC /* BookmarkItem.m in Sources */,
				26B578D5144429FB004657E2 /* BookmarkSaveTableViewController.m in Sources */,
				26B578D914443290004657E2 /* BookmarkSaveModel.m in Sources */,
				26C083B21448238E0056B37A /* BookmarkFolderTableViewController.m in Sources */,
				26C202E21451711600323E79 /* NSDate+Between.m in Sources */,
			);
			runOnlyForDeploymentPostprocessing = 0;
		};
		26DB36A3144EC19C001C4CBC /* Sources */ = {
			isa = PBXSourcesBuildPhase;
			buildActionMask = 2147483647;
			files = (
				26AF9D4C144EF35900CBBF20 /* BookmarkItem.m in Sources */,
				26AF9D4B144EF31900CBBF20 /* BookmarksStorage.m in Sources */,
				26DB36B7144EC19C001C4CBC /* UnitTests.m in Sources */,
			);
			runOnlyForDeploymentPostprocessing = 0;
		};
/* End PBXSourcesBuildPhase section */

/* Begin PBXTargetDependency section */
		26DB36BF144EC1E2001C4CBC /* PBXTargetDependency */ = {
			isa = PBXTargetDependency;
			target = 26DB36A7144EC19C001C4CBC /* UnitTests */;
			targetProxy = 26DB36BE144EC1E2001C4CBC /* PBXContainerItemProxy */;
		};
/* End PBXTargetDependency section */

/* Begin PBXVariantGroup section */
		266D67B1143CCE8D0025F929 /* InfoPlist.strings */ = {
			isa = PBXVariantGroup;
			children = (
				266D67B2143CCE8D0025F929 /* en */,
			);
			name = InfoPlist.strings;
			sourceTree = "<group>";
		};
		266D67BE143CCE8D0025F929 /* MainWindow_iPhone.xib */ = {
			isa = PBXVariantGroup;
			children = (
				266D67BF143CCE8D0025F929 /* en */,
			);
			name = MainWindow_iPhone.xib;
			sourceTree = "<group>";
		};
		266D67C5143CCE8E0025F929 /* MainWindow_iPad.xib */ = {
			isa = PBXVariantGroup;
			children = (
				266D67C6143CCE8E0025F929 /* en */,
			);
			name = MainWindow_iPad.xib;
			sourceTree = "<group>";
		};
		26DB36B1144EC19C001C4CBC /* InfoPlist.strings */ = {
			isa = PBXVariantGroup;
			children = (
				26DB36B2144EC19C001C4CBC /* en */,
			);
			name = InfoPlist.strings;
			sourceTree = "<group>";
		};
/* End PBXVariantGroup section */

/* Begin XCBuildConfiguration section */
		263157FC145574E5006F6368 /* Distibution for testing */ = {
			isa = XCBuildConfiguration;
			buildSettings = {
				ALWAYS_SEARCH_USER_PATHS = NO;
				ARCHS = "$(ARCHS_STANDARD_32_BIT)";
				CODE_SIGN_IDENTITY = "iPhone Distribution";
				"CODE_SIGN_IDENTITY[sdk=iphoneos*]" = "iPhone Distribution";
				COPY_PHASE_STRIP = YES;
				GCC_C_LANGUAGE_STANDARD = gnu99;
				GCC_VERSION = "";
				GCC_WARN_ABOUT_MISSING_PROTOTYPES = YES;
				GCC_WARN_ABOUT_RETURN_TYPE = YES;
				GCC_WARN_UNUSED_VARIABLE = YES;
				IPHONEOS_DEPLOYMENT_TARGET = 5.0;
				OTHER_CFLAGS = "-DNS_BLOCK_ASSERTIONS=1";
				PROVISIONING_PROFILE = "";
				"PROVISIONING_PROFILE[sdk=iphoneos*]" = "";
				SDKROOT = iphoneos;
				TARGETED_DEVICE_FAMILY = "1,2";
				VALIDATE_PRODUCT = YES;
				VALID_ARCHS = "i386 armv6 armv7";
			};
			name = "Distibution for testing";
		};
		263157FD145574E5006F6368 /* Distibution for testing */ = {
			isa = XCBuildConfiguration;
			buildSettings = {
				CODE_SIGN_IDENTITY = "iPhone Distribution";
				GCC_PRECOMPILE_PREFIX_HEADER = YES;
				GCC_PREFIX_HEADER = "MiniBrowser/MiniBrowser-Prefix.pch";
				GCC_VERSION = com.apple.compilers.llvm.clang.1_0;
				INFOPLIST_FILE = "MiniBrowser/MiniBrowser-Info.plist";
				PRODUCT_NAME = "$(TARGET_NAME)";
				PROVISIONING_PROFILE = "";
				VALID_ARCHS = "i386 armv6 armv7";
				WRAPPER_EXTENSION = app;
			};
			name = "Distibution for testing";
		};
		263157FE145574E5006F6368 /* Distibution for testing */ = {
			isa = XCBuildConfiguration;
			buildSettings = {
				FRAMEWORK_SEARCH_PATHS = (
					"$(SDKROOT)/Developer/Library/Frameworks",
					"$(DEVELOPER_LIBRARY_DIR)/Frameworks",
				);
				GCC_PRECOMPILE_PREFIX_HEADER = YES;
				GCC_PREFIX_HEADER = "UnitTests/UnitTests-Prefix.pch";
				GCC_VERSION = com.apple.compilers.llvm.clang.1_0;
				INFOPLIST_FILE = "UnitTests/UnitTests-Info.plist";
				PRODUCT_NAME = "$(TARGET_NAME)";
				VALID_ARCHS = "i386 armv6 armv7";
				WRAPPER_EXTENSION = octest;
			};
			name = "Distibution for testing";
		};
		266D67C8143CCE8E0025F929 /* Debug */ = {
			isa = XCBuildConfiguration;
			buildSettings = {
				ALWAYS_SEARCH_USER_PATHS = NO;
				ARCHS = "$(ARCHS_STANDARD_32_BIT)";
				CODE_SIGN_IDENTITY = "iPhone Developer";
				"CODE_SIGN_IDENTITY[sdk=iphoneos*]" = "iPhone Developer";
				COPY_PHASE_STRIP = NO;
				GCC_C_LANGUAGE_STANDARD = gnu99;
				GCC_DYNAMIC_NO_PIC = NO;
				GCC_OPTIMIZATION_LEVEL = 0;
				GCC_PREPROCESSOR_DEFINITIONS = (
					"DEBUG=1",
					"$(inherited)",
				);
				GCC_SYMBOLS_PRIVATE_EXTERN = NO;
				GCC_VERSION = "";
				GCC_WARN_ABOUT_MISSING_PROTOTYPES = YES;
				GCC_WARN_ABOUT_RETURN_TYPE = YES;
				GCC_WARN_UNUSED_VARIABLE = YES;
				IPHONEOS_DEPLOYMENT_TARGET = 5.0;
				PROVISIONING_PROFILE = "";
				"PROVISIONING_PROFILE[sdk=iphoneos*]" = "";
				SDKROOT = iphoneos;
				TARGETED_DEVICE_FAMILY = "1,2";
				VALID_ARCHS = "i386 armv6 armv7";
			};
			name = Debug;
		};
		266D67C9143CCE8E0025F929 /* Release */ = {
			isa = XCBuildConfiguration;
			buildSettings = {
				ALWAYS_SEARCH_USER_PATHS = NO;
				ARCHS = "$(ARCHS_STANDARD_32_BIT)";
				CODE_SIGN_IDENTITY = "iPhone Developer";
				"CODE_SIGN_IDENTITY[sdk=iphoneos*]" = "iPhone Developer";
				COPY_PHASE_STRIP = YES;
				GCC_C_LANGUAGE_STANDARD = gnu99;
				GCC_VERSION = "";
				GCC_WARN_ABOUT_MISSING_PROTOTYPES = YES;
				GCC_WARN_ABOUT_RETURN_TYPE = YES;
				GCC_WARN_UNUSED_VARIABLE = YES;
				IPHONEOS_DEPLOYMENT_TARGET = 5.0;
				OTHER_CFLAGS = "-DNS_BLOCK_ASSERTIONS=1";
				PROVISIONING_PROFILE = "";
				"PROVISIONING_PROFILE[sdk=iphoneos*]" = "";
				SDKROOT = iphoneos;
				TARGETED_DEVICE_FAMILY = "1,2";
				VALIDATE_PRODUCT = YES;
				VALID_ARCHS = "i386 armv6 armv7";
			};
			name = Release;
		};
		266D67CB143CCE8E0025F929 /* Debug */ = {
			isa = XCBuildConfiguration;
			buildSettings = {
				GCC_PRECOMPILE_PREFIX_HEADER = YES;
				GCC_PREFIX_HEADER = "MiniBrowser/MiniBrowser-Prefix.pch";
				GCC_VERSION = com.apple.compilers.llvm.clang.1_0;
				INFOPLIST_FILE = "MiniBrowser/MiniBrowser-Info.plist";
				PRODUCT_NAME = "$(TARGET_NAME)";
				VALID_ARCHS = "i386 armv6 armv7";
				WRAPPER_EXTENSION = app;
			};
			name = Debug;
		};
		266D67CC143CCE8E0025F929 /* Release */ = {
			isa = XCBuildConfiguration;
			buildSettings = {
				GCC_PRECOMPILE_PREFIX_HEADER = YES;
				GCC_PREFIX_HEADER = "MiniBrowser/MiniBrowser-Prefix.pch";
				GCC_VERSION = com.apple.compilers.llvm.clang.1_0;
				INFOPLIST_FILE = "MiniBrowser/MiniBrowser-Info.plist";
				PRODUCT_NAME = "$(TARGET_NAME)";
				VALID_ARCHS = "i386 armv6 armv7";
				WRAPPER_EXTENSION = app;
			};
			name = Release;
		};
		26DB36BA144EC19C001C4CBC /* Debug */ = {
			isa = XCBuildConfiguration;
			buildSettings = {
				FRAMEWORK_SEARCH_PATHS = (
					"$(SDKROOT)/Developer/Library/Frameworks",
					"$(DEVELOPER_LIBRARY_DIR)/Frameworks",
				);
				GCC_PRECOMPILE_PREFIX_HEADER = YES;
				GCC_PREFIX_HEADER = "UnitTests/UnitTests-Prefix.pch";
				GCC_VERSION = com.apple.compilers.llvm.clang.1_0;
				INFOPLIST_FILE = "UnitTests/UnitTests-Info.plist";
				PRODUCT_NAME = "$(TARGET_NAME)";
				VALID_ARCHS = "i386 armv6 armv7";
				WRAPPER_EXTENSION = octest;
			};
			name = Debug;
		};
		26DB36BB144EC19C001C4CBC /* Release */ = {
			isa = XCBuildConfiguration;
			buildSettings = {
				FRAMEWORK_SEARCH_PATHS = (
					"$(SDKROOT)/Developer/Library/Frameworks",
					"$(DEVELOPER_LIBRARY_DIR)/Frameworks",
				);
				GCC_PRECOMPILE_PREFIX_HEADER = YES;
				GCC_PREFIX_HEADER = "UnitTests/UnitTests-Prefix.pch";
				GCC_VERSION = com.apple.compilers.llvm.clang.1_0;
				INFOPLIST_FILE = "UnitTests/UnitTests-Info.plist";
				PRODUCT_NAME = "$(TARGET_NAME)";
				VALID_ARCHS = "i386 armv6 armv7";
				WRAPPER_EXTENSION = octest;
			};
			name = Release;
		};
/* End XCBuildConfiguration section */

/* Begin XCConfigurationList section */
		266D679E143CCE8D0025F929 /* Build configuration list for PBXProject "MiniBrowser" */ = {
			isa = XCConfigurationList;
			buildConfigurations = (
				266D67C8143CCE8E0025F929 /* Debug */,
				266D67C9143CCE8E0025F929 /* Release */,
				263157FC145574E5006F6368 /* Distibution for testing */,
			);
			defaultConfigurationIsVisible = 0;
			defaultConfigurationName = Debug;
		};
		266D67CA143CCE8E0025F929 /* Build configuration list for PBXNativeTarget "MiniBrowser" */ = {
			isa = XCConfigurationList;
			buildConfigurations = (
				266D67CB143CCE8E0025F929 /* Debug */,
				266D67CC143CCE8E0025F929 /* Release */,
				263157FD145574E5006F6368 /* Distibution for testing */,
			);
			defaultConfigurationIsVisible = 0;
			defaultConfigurationName = Debug;
		};
		26DB36B9144EC19C001C4CBC /* Build configuration list for PBXNativeTarget "UnitTests" */ = {
			isa = XCConfigurationList;
			buildConfigurations = (
				26DB36BA144EC19C001C4CBC /* Debug */,
				26DB36BB144EC19C001C4CBC /* Release */,
				263157FE145574E5006F6368 /* Distibution for testing */,
			);
			defaultConfigurationIsVisible = 0;
			defaultConfigurationName = Debug;
		};
/* End XCConfigurationList section */
	};
	rootObject = 266D679B143CCE8D0025F929 /* Project object */;
}
