// !$*UTF8*$!
{
	archiveVersion = 1;
	classes = {
	};
	objectVersion = 46;
	objects = {

/* Begin PBXBuildFile section */
		260D68B01441B6C700093012 /* plus.png in Resources */ = {isa = PBXBuildFile; fileRef = 260D68AF1441B6C700093012 /* plus.png */; };
		260D68B71442044400093012 /* SearchEngine.m in Sources */ = {isa = PBXBuildFile; fileRef = 260D68B61442044400093012 /* SearchEngine.m */; };
		260D68BA1442045F00093012 /* SearchEngineGoogle.m in Sources */ = {isa = PBXBuildFile; fileRef = 260D68B91442045F00093012 /* SearchEngineGoogle.m */; };
		260D68BD1442050200093012 /* SettingsController.m in Sources */ = {isa = PBXBuildFile; fileRef = 260D68BC1442050200093012 /* SettingsController.m */; };
		260E1F55143CD4730098D141 /* iPhoneBrowserView.xib in Resources */ = {isa = PBXBuildFile; fileRef = 260E1F54143CD4730098D141 /* iPhoneBrowserView.xib */; };
		260E1F58143CD4A90098D141 /* iPadBrowserView.xib in Resources */ = {isa = PBXBuildFile; fileRef = 260E1F57143CD4A90098D141 /* iPadBrowserView.xib */; };
		265CCEC1143D85B9005F348A /* arrowBackGray.png in Resources */ = {isa = PBXBuildFile; fileRef = 265CCEBA143D85B9005F348A /* arrowBackGray.png */; };
		265CCEC2143D85B9005F348A /* arrowBackLight.png in Resources */ = {isa = PBXBuildFile; fileRef = 265CCEBB143D85B9005F348A /* arrowBackLight.png */; };
		265CCEC3143D85B9005F348A /* arrowForwardGray.png in Resources */ = {isa = PBXBuildFile; fileRef = 265CCEBC143D85B9005F348A /* arrowForwardGray.png */; };
		265CCEC4143D85B9005F348A /* arrowForwardLight.png in Resources */ = {isa = PBXBuildFile; fileRef = 265CCEBD143D85B9005F348A /* arrowForwardLight.png */; };
		265CCEC5143D85B9005F348A /* clock.png in Resources */ = {isa = PBXBuildFile; fileRef = 265CCEBE143D85B9005F348A /* clock.png */; };
		265CCEC6143D85B9005F348A /* heart.png in Resources */ = {isa = PBXBuildFile; fileRef = 265CCEBF143D85B9005F348A /* heart.png */; };
		265CCEC7143D85B9005F348A /* preferences.png in Resources */ = {isa = PBXBuildFile; fileRef = 265CCEC0143D85B9005F348A /* preferences.png */; };
		266D67A9143CCE8D0025F929 /* UIKit.framework in Frameworks */ = {isa = PBXBuildFile; fileRef = 266D67A8143CCE8D0025F929 /* UIKit.framework */; };
		266D67AB143CCE8D0025F929 /* Foundation.framework in Frameworks */ = {isa = PBXBuildFile; fileRef = 266D67AA143CCE8D0025F929 /* Foundation.framework */; };
		266D67AD143CCE8D0025F929 /* CoreGraphics.framework in Frameworks */ = {isa = PBXBuildFile; fileRef = 266D67AC143CCE8D0025F929 /* CoreGraphics.framework */; };
		266D67B3143CCE8D0025F929 /* InfoPlist.strings in Resources */ = {isa = PBXBuildFile; fileRef = 266D67B1143CCE8D0025F929 /* InfoPlist.strings */; };
		266D67B5143CCE8D0025F929 /* main.m in Sources */ = {isa = PBXBuildFile; fileRef = 266D67B4143CCE8D0025F929 /* main.m */; };
		266D67B9143CCE8D0025F929 /* MiniBrowserAppDelegate.m in Sources */ = {isa = PBXBuildFile; fileRef = 266D67B8143CCE8D0025F929 /* MiniBrowserAppDelegate.m */; };
		266D67BD143CCE8D0025F929 /* MiniBrowserAppDelegate_iPhone.m in Sources */ = {isa = PBXBuildFile; fileRef = 266D67BC143CCE8D0025F929 /* MiniBrowserAppDelegate_iPhone.m */; };
		266D67C0143CCE8D0025F929 /* MainWindow_iPhone.xib in Resources */ = {isa = PBXBuildFile; fileRef = 266D67BE143CCE8D0025F929 /* MainWindow_iPhone.xib */; };
		266D67C4143CCE8D0025F929 /* MiniBrowserAppDelegate_iPad.m in Sources */ = {isa = PBXBuildFile; fileRef = 266D67C3143CCE8D0025F929 /* MiniBrowserAppDelegate_iPad.m */; };
		266D67C7143CCE8E0025F929 /* MainWindow_iPad.xib in Resources */ = {isa = PBXBuildFile; fileRef = 266D67C5143CCE8E0025F929 /* MainWindow_iPad.xib */; };
		266D67CF143CCF720025F929 /* BrowserController.m in Sources */ = {isa = PBXBuildFile; fileRef = 266D67CE143CCF720025F929 /* BrowserController.m */; };
		26FE56BD1443269D001622F2 /* Bookmark-iPad.png in Resources */ = {isa = PBXBuildFile; fileRef = 26FE56BC1443269D001622F2 /* Bookmark-iPad.png */; };
		26FE56BF144326FB001622F2 /* Bookmark-iPhone.png in Resources */ = {isa = PBXBuildFile; fileRef = 26FE56BE144326FB001622F2 /* Bookmark-iPhone.png */; };
		26FE56C614432A7A001622F2 /* SearchEngineYahoo.m in Sources */ = {isa = PBXBuildFile; fileRef = 26FE56C514432A7A001622F2 /* SearchEngineYahoo.m */; };
/* End PBXBuildFile section */

/* Begin PBXFileReference section */
		260D68AF1441B6C700093012 /* plus.png */ = {isa = PBXFileReference; lastKnownFileType = image.png; path = plus.png; sourceTree = "<group>"; };
		260D68B51442044400093012 /* SearchEngine.h */ = {isa = PBXFileReference; fileEncoding = 4; lastKnownFileType = sourcecode.c.h; path = SearchEngine.h; sourceTree = "<group>"; };
		260D68B61442044400093012 /* SearchEngine.m */ = {isa = PBXFileReference; fileEncoding = 4; lastKnownFileType = sourcecode.c.objc; path = SearchEngine.m; sourceTree = "<group>"; };
		260D68B81442045F00093012 /* SearchEngineGoogle.h */ = {isa = PBXFileReference; fileEncoding = 4; lastKnownFileType = sourcecode.c.h; path = SearchEngineGoogle.h; sourceTree = "<group>"; };
		260D68B91442045F00093012 /* SearchEngineGoogle.m */ = {isa = PBXFileReference; fileEncoding = 4; lastKnownFileType = sourcecode.c.objc; path = SearchEngineGoogle.m; sourceTree = "<group>"; };
		260D68BB1442050200093012 /* SettingsController.h */ = {isa = PBXFileReference; fileEncoding = 4; lastKnownFileType = sourcecode.c.h; path = SettingsController.h; sourceTree = "<group>"; };
		260D68BC1442050200093012 /* SettingsController.m */ = {isa = PBXFileReference; fileEncoding = 4; lastKnownFileType = sourcecode.c.objc; path = SettingsController.m; sourceTree = "<group>"; };
		260D68BE144205AB00093012 /* SettingsControllerProtocol.h */ = {isa = PBXFileReference; fileEncoding = 4; lastKnownFileType = sourcecode.c.h; path = SettingsControllerProtocol.h; sourceTree = "<group>"; };
		260D68BF1442070B00093012 /* SearchEngineProtocol.h */ = {isa = PBXFileReference; fileEncoding = 4; lastKnownFileType = sourcecode.c.h; path = SearchEngineProtocol.h; sourceTree = "<group>"; };
		260E1F54143CD4730098D141 /* iPhoneBrowserView.xib */ = {isa = PBXFileReference; fileEncoding = 4; lastKnownFileType = file.xib; path = iPhoneBrowserView.xib; sourceTree = "<group>"; };
		260E1F57143CD4A90098D141 /* iPadBrowserView.xib */ = {isa = PBXFileReference; fileEncoding = 4; lastKnownFileType = file.xib; path = iPadBrowserView.xib; sourceTree = "<group>"; };
		265CCEBA143D85B9005F348A /* arrowBackGray.png */ = {isa = PBXFileReference; lastKnownFileType = image.png; path = arrowBackGray.png; sourceTree = "<group>"; };
		265CCEBB143D85B9005F348A /* arrowBackLight.png */ = {isa = PBXFileReference; lastKnownFileType = image.png; path = arrowBackLight.png; sourceTree = "<group>"; };
		265CCEBC143D85B9005F348A /* arrowForwardGray.png */ = {isa = PBXFileReference; lastKnownFileType = image.png; path = arrowForwardGray.png; sourceTree = "<group>"; };
		265CCEBD143D85B9005F348A /* arrowForwardLight.png */ = {isa = PBXFileReference; lastKnownFileType = image.png; path = arrowForwardLight.png; sourceTree = "<group>"; };
		265CCEBE143D85B9005F348A /* clock.png */ = {isa = PBXFileReference; lastKnownFileType = image.png; path = clock.png; sourceTree = "<group>"; };
		265CCEBF143D85B9005F348A /* heart.png */ = {isa = PBXFileReference; lastKnownFileType = image.png; path = heart.png; sourceTree = "<group>"; };
		265CCEC0143D85B9005F348A /* preferences.png */ = {isa = PBXFileReference; lastKnownFileType = image.png; path = preferences.png; sourceTree = "<group>"; };
		266D67A4143CCE8D0025F929 /* MiniBrowser.app */ = {isa = PBXFileReference; explicitFileType = wrapper.application; includeInIndex = 0; path = MiniBrowser.app; sourceTree = BUILT_PRODUCTS_DIR; };
		266D67A8143CCE8D0025F929 /* UIKit.framework */ = {isa = PBXFileReference; lastKnownFileType = wrapper.framework; name = UIKit.framework; path = System/Library/Frameworks/UIKit.framework; sourceTree = SDKROOT; };
		266D67AA143CCE8D0025F929 /* Foundation.framework */ = {isa = PBXFileReference; lastKnownFileType = wrapper.framework; name = Foundation.framework; path = System/Library/Frameworks/Foundation.framework; sourceTree = SDKROOT; };
		266D67AC143CCE8D0025F929 /* CoreGraphics.framework */ = {isa = PBXFileReference; lastKnownFileType = wrapper.framework; name = CoreGraphics.framework; path = System/Library/Frameworks/CoreGraphics.framework; sourceTree = SDKROOT; };
		266D67B0143CCE8D0025F929 /* MiniBrowser-Info.plist */ = {isa = PBXFileReference; lastKnownFileType = text.plist.xml; path = "MiniBrowser-Info.plist"; sourceTree = "<group>"; };
		266D67B2143CCE8D0025F929 /* en */ = {isa = PBXFileReference; lastKnownFileType = text.plist.strings; name = en; path = en.lproj/InfoPlist.strings; sourceTree = "<group>"; };
		266D67B4143CCE8D0025F929 /* main.m */ = {isa = PBXFileReference; lastKnownFileType = sourcecode.c.objc; path = main.m; sourceTree = "<group>"; };
		266D67B6143CCE8D0025F929 /* MiniBrowser-Prefix.pch */ = {isa = PBXFileReference; lastKnownFileType = sourcecode.c.h; path = "MiniBrowser-Prefix.pch"; sourceTree = "<group>"; };
		266D67B7143CCE8D0025F929 /* MiniBrowserAppDelegate.h */ = {isa = PBXFileReference; lastKnownFileType = sourcecode.c.h; path = MiniBrowserAppDelegate.h; sourceTree = "<group>"; };
		266D67B8143CCE8D0025F929 /* MiniBrowserAppDelegate.m */ = {isa = PBXFileReference; lastKnownFileType = sourcecode.c.objc; path = MiniBrowserAppDelegate.m; sourceTree = "<group>"; };
		266D67BB143CCE8D0025F929 /* MiniBrowserAppDelegate_iPhone.h */ = {isa = PBXFileReference; lastKnownFileType = sourcecode.c.h; name = MiniBrowserAppDelegate_iPhone.h; path = iPhone/MiniBrowserAppDelegate_iPhone.h; sourceTree = "<group>"; };
		266D67BC143CCE8D0025F929 /* MiniBrowserAppDelegate_iPhone.m */ = {isa = PBXFileReference; lastKnownFileType = sourcecode.c.objc; name = MiniBrowserAppDelegate_iPhone.m; path = iPhone/MiniBrowserAppDelegate_iPhone.m; sourceTree = "<group>"; };
		266D67BF143CCE8D0025F929 /* en */ = {isa = PBXFileReference; lastKnownFileType = file.xib; name = en; path = iPhone/en.lproj/MainWindow_iPhone.xib; sourceTree = "<group>"; };
		266D67C2143CCE8D0025F929 /* MiniBrowserAppDelegate_iPad.h */ = {isa = PBXFileReference; lastKnownFileType = sourcecode.c.h; name = MiniBrowserAppDelegate_iPad.h; path = iPad/MiniBrowserAppDelegate_iPad.h; sourceTree = "<group>"; };
		266D67C3143CCE8D0025F929 /* MiniBrowserAppDelegate_iPad.m */ = {isa = PBXFileReference; lastKnownFileType = sourcecode.c.objc; name = MiniBrowserAppDelegate_iPad.m; path = iPad/MiniBrowserAppDelegate_iPad.m; sourceTree = "<group>"; };
		266D67C6143CCE8E0025F929 /* en */ = {isa = PBXFileReference; lastKnownFileType = file.xib; name = en; path = iPad/en.lproj/MainWindow_iPad.xib; sourceTree = "<group>"; };
		266D67CD143CCF720025F929 /* BrowserController.h */ = {isa = PBXFileReference; fileEncoding = 4; lastKnownFileType = sourcecode.c.h; path = BrowserController.h; sourceTree = "<group>"; };
		266D67CE143CCF720025F929 /* BrowserController.m */ = {isa = PBXFileReference; fileEncoding = 4; lastKnownFileType = sourcecode.c.objc; path = BrowserController.m; sourceTree = "<group>"; };
		26FE56BC1443269D001622F2 /* Bookmark-iPad.png */ = {isa = PBXFileReference; lastKnownFileType = image.png; path = "Bookmark-iPad.png"; sourceTree = "<group>"; };
		26FE56BE144326FB001622F2 /* Bookmark-iPhone.png */ = {isa = PBXFileReference; lastKnownFileType = image.png; path = "Bookmark-iPhone.png"; sourceTree = "<group>"; };
		26FE56C414432A7A001622F2 /* SearchEngineYahoo.h */ = {isa = PBXFileReference; fileEncoding = 4; lastKnownFileType = sourcecode.c.h; path = SearchEngineYahoo.h; sourceTree = "<group>"; };
		26FE56C514432A7A001622F2 /* SearchEngineYahoo.m */ = {isa = PBXFileReference; fileEncoding = 4; lastKnownFileType = sourcecode.c.objc; path = SearchEngineYahoo.m; sourceTree = "<group>"; };
/* End PBXFileReference section */

/* Begin PBXFrameworksBuildPhase section */
		266D67A1143CCE8D0025F929 /* Frameworks */ = {
			isa = PBXFrameworksBuildPhase;
			buildActionMask = 2147483647;
			files = (
				266D67A9143CCE8D0025F929 /* UIKit.framework in Frameworks */,
				266D67AB143CCE8D0025F929 /* Foundation.framework in Frameworks */,
				266D67AD143CCE8D0025F929 /* CoreGraphics.framework in Frameworks */,
			);
			runOnlyForDeploymentPostprocessing = 0;
		};
/* End PBXFrameworksBuildPhase section */

/* Begin PBXGroup section */
		265CCEB9143D85B9005F348A /* Resources */ = {
			isa = PBXGroup;
			children = (
				265CCEBA143D85B9005F348A /* arrowBackGray.png */,
				265CCEBB143D85B9005F348A /* arrowBackLight.png */,
				265CCEBC143D85B9005F348A /* arrowForwardGray.png */,
				265CCEBD143D85B9005F348A /* arrowForwardLight.png */,
				265CCEBE143D85B9005F348A /* clock.png */,
				265CCEBF143D85B9005F348A /* heart.png */,
				265CCEC0143D85B9005F348A /* preferences.png */,
				260D68AF1441B6C700093012 /* plus.png */,
				26FE56BC1443269D001622F2 /* Bookmark-iPad.png */,
				26FE56BE144326FB001622F2 /* Bookmark-iPhone.png */,
			);
			path = Resources;
			sourceTree = "<group>";
		};
		266D6799143CCE8D0025F929 = {
			isa = PBXGroup;
			children = (
				266D67AE143CCE8D0025F929 /* MiniBrowser */,
				266D67A7143CCE8D0025F929 /* Frameworks */,
				266D67A5143CCE8D0025F929 /* Products */,
			);
			sourceTree = "<group>";
		};
		266D67A5143CCE8D0025F929 /* Products */ = {
			isa = PBXGroup;
			children = (
				266D67A4143CCE8D0025F929 /* MiniBrowser.app */,
			);
			name = Products;
			sourceTree = "<group>";
		};
		266D67A7143CCE8D0025F929 /* Frameworks */ = {
			isa = PBXGroup;
			children = (
				266D67A8143CCE8D0025F929 /* UIKit.framework */,
				266D67AA143CCE8D0025F929 /* Foundation.framework */,
				266D67AC143CCE8D0025F929 /* CoreGraphics.framework */,
			);
			name = Frameworks;
			sourceTree = "<group>";
		};
		266D67AE143CCE8D0025F929 /* MiniBrowser */ = {
			isa = PBXGroup;
			children = (
				266D67B7143CCE8D0025F929 /* MiniBrowserAppDelegate.h */,
				266D67B8143CCE8D0025F929 /* MiniBrowserAppDelegate.m */,
				266D67BA143CCE8D0025F929 /* iPhone */,
				266D67C1143CCE8D0025F929 /* iPad */,
				266D67CD143CCF720025F929 /* BrowserController.h */,
				266D67CE143CCF720025F929 /* BrowserController.m */,
				260D68BE144205AB00093012 /* SettingsControllerProtocol.h */,
				260D68BB1442050200093012 /* SettingsController.h */,
				260D68BC1442050200093012 /* SettingsController.m */,
				260D68BF1442070B00093012 /* SearchEngineProtocol.h */,
				260D68B51442044400093012 /* SearchEngine.h */,
				260D68B61442044400093012 /* SearchEngine.m */,
				260D68B81442045F00093012 /* SearchEngineGoogle.h */,
				260D68B91442045F00093012 /* SearchEngineGoogle.m */,
				26FE56C414432A7A001622F2 /* SearchEngineYahoo.h */,
				26FE56C514432A7A001622F2 /* SearchEngineYahoo.m */,
				265CCEB9143D85B9005F348A /* Resources */,
				266D67AF143CCE8D0025F929 /* Supporting Files */,
			);
			path = MiniBrowser;
			sourceTree = "<group>";
		};
		266D67AF143CCE8D0025F929 /* Supporting Files */ = {
			isa = PBXGroup;
			children = (
				266D67B0143CCE8D0025F929 /* MiniBrowser-Info.plist */,
				266D67B1143CCE8D0025F929 /* InfoPlist.strings */,
				266D67B4143CCE8D0025F929 /* main.m */,
				266D67B6143CCE8D0025F929 /* MiniBrowser-Prefix.pch */,
			);
			name = "Supporting Files";
			sourceTree = "<group>";
		};
		266D67BA143CCE8D0025F929 /* iPhone */ = {
			isa = PBXGroup;
			children = (
				266D67BB143CCE8D0025F929 /* MiniBrowserAppDelegate_iPhone.h */,
				266D67BC143CCE8D0025F929 /* MiniBrowserAppDelegate_iPhone.m */,
				266D67BE143CCE8D0025F929 /* MainWindow_iPhone.xib */,
				260E1F54143CD4730098D141 /* iPhoneBrowserView.xib */,
			);
			name = iPhone;
			sourceTree = "<group>";
		};
		266D67C1143CCE8D0025F929 /* iPad */ = {
			isa = PBXGroup;
			children = (
				266D67C2143CCE8D0025F929 /* MiniBrowserAppDelegate_iPad.h */,
				266D67C3143CCE8D0025F929 /* MiniBrowserAppDelegate_iPad.m */,
				266D67C5143CCE8E0025F929 /* MainWindow_iPad.xib */,
				260E1F57143CD4A90098D141 /* iPadBrowserView.xib */,
			);
			name = iPad;
			sourceTree = "<group>";
		};
/* End PBXGroup section */

/* Begin PBXNativeTarget section */
		266D67A3143CCE8D0025F929 /* MiniBrowser */ = {
			isa = PBXNativeTarget;
			buildConfigurationList = 266D67CA143CCE8E0025F929 /* Build configuration list for PBXNativeTarget "MiniBrowser" */;
			buildPhases = (
				266D67A0143CCE8D0025F929 /* Sources */,
				266D67A1143CCE8D0025F929 /* Frameworks */,
				266D67A2143CCE8D0025F929 /* Resources */,
			);
			buildRules = (
			);
			dependencies = (
			);
			name = MiniBrowser;
			productName = MiniBrowser;
			productReference = 266D67A4143CCE8D0025F929 /* MiniBrowser.app */;
			productType = "com.apple.product-type.application";
		};
/* End PBXNativeTarget section */

/* Begin PBXProject section */
		266D679B143CCE8D0025F929 /* Project object */ = {
			isa = PBXProject;
			attributes = {
				ORGANIZATIONNAME = Alma;
			};
			buildConfigurationList = 266D679E143CCE8D0025F929 /* Build configuration list for PBXProject "MiniBrowser" */;
			compatibilityVersion = "Xcode 3.2";
			developmentRegion = English;
			hasScannedForEncodings = 0;
			knownRegions = (
				en,
			);
			mainGroup = 266D6799143CCE8D0025F929;
			productRefGroup = 266D67A5143CCE8D0025F929 /* Products */;
			projectDirPath = "";
			projectRoot = "";
			targets = (
				266D67A3143CCE8D0025F929 /* MiniBrowser */,
			);
		};
/* End PBXProject section */

/* Begin PBXResourcesBuildPhase section */
		266D67A2143CCE8D0025F929 /* Resources */ = {
			isa = PBXResourcesBuildPhase;
			buildActionMask = 2147483647;
			files = (
				266D67B3143CCE8D0025F929 /* InfoPlist.strings in Resources */,
				266D67C0143CCE8D0025F929 /* MainWindow_iPhone.xib in Resources */,
				266D67C7143CCE8E0025F929 /* MainWindow_iPad.xib in Resources */,
				260E1F55143CD4730098D141 /* iPhoneBrowserView.xib in Resources */,
				260E1F58143CD4A90098D141 /* iPadBrowserView.xib in Resources */,
				265CCEC1143D85B9005F348A /* arrowBackGray.png in Resources */,
				265CCEC2143D85B9005F348A /* arrowBackLight.png in Resources */,
				265CCEC3143D85B9005F348A /* arrowForwardGray.png in Resources */,
				265CCEC4143D85B9005F348A /* arrowForwardLight.png in Resources */,
				265CCEC5143D85B9005F348A /* clock.png in Resources */,
				265CCEC6143D85B9005F348A /* heart.png in Resources */,
				265CCEC7143D85B9005F348A /* preferences.png in Resources */,
				260D68B01441B6C700093012 /* plus.png in Resources */,
				26FE56BD1443269D001622F2 /* Bookmark-iPad.png in Resources */,
				26FE56BF144326FB001622F2 /* Bookmark-iPhone.png in Resources */,
			);
			runOnlyForDeploymentPostprocessing = 0;
		};
/* End PBXResourcesBuildPhase section */

/* Begin PBXSourcesBuildPhase section */
		266D67A0143CCE8D0025F929 /* Sources */ = {
			isa = PBXSourcesBuildPhase;
			buildActionMask = 2147483647;
			files = (
				266D67B5143CCE8D0025F929 /* main.m in Sources */,
				266D67B9143CCE8D0025F929 /* MiniBrowserAppDelegate.m in Sources */,
				266D67BD143CCE8D0025F929 /* MiniBrowserAppDelegate_iPhone.m in Sources */,
				266D67C4143CCE8D0025F929 /* MiniBrowserAppDelegate_iPad.m in Sources */,
				266D67CF143CCF720025F929 /* BrowserController.m in Sources */,
				260D68B71442044400093012 /* SearchEngine.m in Sources */,
				260D68BA1442045F00093012 /* SearchEngineGoogle.m in Sources */,
				260D68BD1442050200093012 /* SettingsController.m in Sources */,
				26FE56C614432A7A001622F2 /* SearchEngineYahoo.m in Sources */,
			);
			runOnlyForDeploymentPostprocessing = 0;
		};
/* End PBXSourcesBuildPhase section */

/* Begin PBXVariantGroup section */
		266D67B1143CCE8D0025F929 /* InfoPlist.strings */ = {
			isa = PBXVariantGroup;
			children = (
				266D67B2143CCE8D0025F929 /* en */,
			);
			name = InfoPlist.strings;
			sourceTree = "<group>";
		};
		266D67BE143CCE8D0025F929 /* MainWindow_iPhone.xib */ = {
			isa = PBXVariantGroup;
			children = (
				266D67BF143CCE8D0025F929 /* en */,
			);
			name = MainWindow_iPhone.xib;
			sourceTree = "<group>";
		};
		266D67C5143CCE8E0025F929 /* MainWindow_iPad.xib */ = {
			isa = PBXVariantGroup;
			children = (
				266D67C6143CCE8E0025F929 /* en */,
			);
			name = MainWindow_iPad.xib;
			sourceTree = "<group>";
		};
/* End PBXVariantGroup section */

/* Begin XCBuildConfiguration section */
		266D67C8143CCE8E0025F929 /* Debug */ = {
			isa = XCBuildConfiguration;
			buildSettings = {
				ALWAYS_SEARCH_USER_PATHS = NO;
				ARCHS = "$(ARCHS_STANDARD_32_BIT)";
				"CODE_SIGN_IDENTITY[sdk=iphoneos*]" = "iPhone Developer";
				COPY_PHASE_STRIP = NO;
				GCC_C_LANGUAGE_STANDARD = gnu99;
				GCC_DYNAMIC_NO_PIC = NO;
				GCC_OPTIMIZATION_LEVEL = 0;
				GCC_PREPROCESSOR_DEFINITIONS = (
					"DEBUG=1",
					"$(inherited)",
				);
				GCC_SYMBOLS_PRIVATE_EXTERN = NO;
				GCC_VERSION = com.apple.compilers.llvmgcc42;
				GCC_WARN_ABOUT_MISSING_PROTOTYPES = YES;
				GCC_WARN_ABOUT_RETURN_TYPE = YES;
				GCC_WARN_UNUSED_VARIABLE = YES;
				IPHONEOS_DEPLOYMENT_TARGET = 4.3;
				SDKROOT = iphoneos;
				TARGETED_DEVICE_FAMILY = "1,2";
			};
			name = Debug;
		};
		266D67C9143CCE8E0025F929 /* Release */ = {
			isa = XCBuildConfiguration;
			buildSettings = {
				ALWAYS_SEARCH_USER_PATHS = NO;
				ARCHS = "$(ARCHS_STANDARD_32_BIT)";
				"CODE_SIGN_IDENTITY[sdk=iphoneos*]" = "iPhone Developer";
				COPY_PHASE_STRIP = YES;
				GCC_C_LANGUAGE_STANDARD = gnu99;
				GCC_VERSION = com.apple.compilers.llvmgcc42;
				GCC_WARN_ABOUT_MISSING_PROTOTYPES = YES;
				GCC_WARN_ABOUT_RETURN_TYPE = YES;
				GCC_WARN_UNUSED_VARIABLE = YES;
				IPHONEOS_DEPLOYMENT_TARGET = 4.3;
				OTHER_CFLAGS = "-DNS_BLOCK_ASSERTIONS=1";
				SDKROOT = iphoneos;
				TARGETED_DEVICE_FAMILY = "1,2";
				VALIDATE_PRODUCT = YES;
			};
			name = Release;
		};
		266D67CB143CCE8E0025F929 /* Debug */ = {
			isa = XCBuildConfiguration;
			buildSettings = {
				GCC_PRECOMPILE_PREFIX_HEADER = YES;
				GCC_PREFIX_HEADER = "MiniBrowser/MiniBrowser-Prefix.pch";
				INFOPLIST_FILE = "MiniBrowser/MiniBrowser-Info.plist";
				PRODUCT_NAME = "$(TARGET_NAME)";
				WRAPPER_EXTENSION = app;
			};
			name = Debug;
		};
		266D67CC143CCE8E0025F929 /* Release */ = {
			isa = XCBuildConfiguration;
			buildSettings = {
				GCC_PRECOMPILE_PREFIX_HEADER = YES;
				GCC_PREFIX_HEADER = "MiniBrowser/MiniBrowser-Prefix.pch";
				INFOPLIST_FILE = "MiniBrowser/MiniBrowser-Info.plist";
				PRODUCT_NAME = "$(TARGET_NAME)";
				WRAPPER_EXTENSION = app;
			};
			name = Release;
		};
/* End XCBuildConfiguration section */

/* Begin XCConfigurationList section */
		266D679E143CCE8D0025F929 /* Build configuration list for PBXProject "MiniBrowser" */ = {
			isa = XCConfigurationList;
			buildConfigurations = (
				266D67C8143CCE8E0025F929 /* Debug */,
				266D67C9143CCE8E0025F929 /* Release */,
			);
			defaultConfigurationIsVisible = 0;
			defaultConfigurationName = Release;
		};
		266D67CA143CCE8E0025F929 /* Build configuration list for PBXNativeTarget "MiniBrowser" */ = {
			isa = XCConfigurationList;
			buildConfigurations = (
				266D67CB143CCE8E0025F929 /* Debug */,
				266D67CC143CCE8E0025F929 /* Release */,
			);
			defaultConfigurationIsVisible = 0;
			defaultConfigurationName = Release;
		};
/* End XCConfigurationList section */
	};
	rootObject = 266D679B143CCE8D0025F929 /* Project object */;
}
